// !$*UTF8*$!
{
	archiveVersion = 1;
	classes = {
	};
	objectVersion = 55;
	objects = {

/* Begin PBXBuildFile section */
		8580B3212896D52C0023AD55 /* Albums.swift in Sources */ = {isa = PBXBuildFile; fileRef = 8580B3202896D52B0023AD55 /* Albums.swift */; };
		8580B3242896D53C0023AD55 /* Users.swift in Sources */ = {isa = PBXBuildFile; fileRef = 8580B3232896D53C0023AD55 /* Users.swift */; };
		8580B3262896D5470023AD55 /* Posts.swift in Sources */ = {isa = PBXBuildFile; fileRef = 8580B3252896D5470023AD55 /* Posts.swift */; };
		85C3888A2896AC8900F2B928 /* AppDelegate.swift in Sources */ = {isa = PBXBuildFile; fileRef = 85C388892896AC8900F2B928 /* AppDelegate.swift */; };
		85C3888C2896AC8900F2B928 /* SceneDelegate.swift in Sources */ = {isa = PBXBuildFile; fileRef = 85C3888B2896AC8900F2B928 /* SceneDelegate.swift */; };
		85C3888E2896AC8900F2B928 /* ViewController.swift in Sources */ = {isa = PBXBuildFile; fileRef = 85C3888D2896AC8900F2B928 /* ViewController.swift */; };
		85C388912896AC8900F2B928 /* Main.storyboard in Resources */ = {isa = PBXBuildFile; fileRef = 85C3888F2896AC8900F2B928 /* Main.storyboard */; };
		85C388932896AC8B00F2B928 /* Assets.xcassets in Resources */ = {isa = PBXBuildFile; fileRef = 85C388922896AC8B00F2B928 /* Assets.xcassets */; };
		85C388962896AC8B00F2B928 /* LaunchScreen.storyboard in Resources */ = {isa = PBXBuildFile; fileRef = 85C388942896AC8B00F2B928 /* LaunchScreen.storyboard */; };
		85C388A12896AC8B00F2B928 /* BasicRequestTests.swift in Sources */ = {isa = PBXBuildFile; fileRef = 85C388A02896AC8B00F2B928 /* BasicRequestTests.swift */; };
		85C388AB2896AC8B00F2B928 /* BasicRequestUITests.swift in Sources */ = {isa = PBXBuildFile; fileRef = 85C388AA2896AC8B00F2B928 /* BasicRequestUITests.swift */; };
		85C388AD2896AC8B00F2B928 /* BasicRequestUITestsLaunchTests.swift in Sources */ = {isa = PBXBuildFile; fileRef = 85C388AC2896AC8B00F2B928 /* BasicRequestUITestsLaunchTests.swift */; };
		85C388BF2896C93100F2B928 /* ApiManager .swift in Sources */ = {isa = PBXBuildFile; fileRef = 85C388BE2896C93100F2B928 /* ApiManager .swift */; };
/* End PBXBuildFile section */

/* Begin PBXContainerItemProxy section */
		85C3889D2896AC8B00F2B928 /* PBXContainerItemProxy */ = {
			isa = PBXContainerItemProxy;
			containerPortal = 85C3887E2896AC8900F2B928 /* Project object */;
			proxyType = 1;
			remoteGlobalIDString = 85C388852896AC8900F2B928;
			remoteInfo = BasicRequest;
		};
		85C388A72896AC8B00F2B928 /* PBXContainerItemProxy */ = {
			isa = PBXContainerItemProxy;
			containerPortal = 85C3887E2896AC8900F2B928 /* Project object */;
			proxyType = 1;
			remoteGlobalIDString = 85C388852896AC8900F2B928;
			remoteInfo = BasicRequest;
		};
/* End PBXContainerItemProxy section */

/* Begin PBXFileReference section */
		8580B3202896D52B0023AD55 /* Albums.swift */ = {isa = PBXFileReference; lastKnownFileType = sourcecode.swift; path = Albums.swift; sourceTree = "<group>"; };
		8580B3232896D53C0023AD55 /* Users.swift */ = {isa = PBXFileReference; lastKnownFileType = sourcecode.swift; path = Users.swift; sourceTree = "<group>"; };
		8580B3252896D5470023AD55 /* Posts.swift */ = {isa = PBXFileReference; lastKnownFileType = sourcecode.swift; path = Posts.swift; sourceTree = "<group>"; };
		85C388862896AC8900F2B928 /* BasicRequest.app */ = {isa = PBXFileReference; explicitFileType = wrapper.application; includeInIndex = 0; path = BasicRequest.app; sourceTree = BUILT_PRODUCTS_DIR; };
		85C388892896AC8900F2B928 /* AppDelegate.swift */ = {isa = PBXFileReference; lastKnownFileType = sourcecode.swift; path = AppDelegate.swift; sourceTree = "<group>"; };
		85C3888B2896AC8900F2B928 /* SceneDelegate.swift */ = {isa = PBXFileReference; lastKnownFileType = sourcecode.swift; path = SceneDelegate.swift; sourceTree = "<group>"; };
		85C3888D2896AC8900F2B928 /* ViewController.swift */ = {isa = PBXFileReference; lastKnownFileType = sourcecode.swift; path = ViewController.swift; sourceTree = "<group>"; };
		85C388902896AC8900F2B928 /* Base */ = {isa = PBXFileReference; lastKnownFileType = file.storyboard; name = Base; path = Base.lproj/Main.storyboard; sourceTree = "<group>"; };
		85C388922896AC8B00F2B928 /* Assets.xcassets */ = {isa = PBXFileReference; lastKnownFileType = folder.assetcatalog; path = Assets.xcassets; sourceTree = "<group>"; };
		85C388952896AC8B00F2B928 /* Base */ = {isa = PBXFileReference; lastKnownFileType = file.storyboard; name = Base; path = Base.lproj/LaunchScreen.storyboard; sourceTree = "<group>"; };
		85C388972896AC8B00F2B928 /* Info.plist */ = {isa = PBXFileReference; lastKnownFileType = text.plist.xml; path = Info.plist; sourceTree = "<group>"; };
		85C3889C2896AC8B00F2B928 /* BasicRequestTests.xctest */ = {isa = PBXFileReference; explicitFileType = wrapper.cfbundle; includeInIndex = 0; path = BasicRequestTests.xctest; sourceTree = BUILT_PRODUCTS_DIR; };
		85C388A02896AC8B00F2B928 /* BasicRequestTests.swift */ = {isa = PBXFileReference; lastKnownFileType = sourcecode.swift; path = BasicRequestTests.swift; sourceTree = "<group>"; };
		85C388A62896AC8B00F2B928 /* BasicRequestUITests.xctest */ = {isa = PBXFileReference; explicitFileType = wrapper.cfbundle; includeInIndex = 0; path = BasicRequestUITests.xctest; sourceTree = BUILT_PRODUCTS_DIR; };
		85C388AA2896AC8B00F2B928 /* BasicRequestUITests.swift */ = {isa = PBXFileReference; lastKnownFileType = sourcecode.swift; path = BasicRequestUITests.swift; sourceTree = "<group>"; };
		85C388AC2896AC8B00F2B928 /* BasicRequestUITestsLaunchTests.swift */ = {isa = PBXFileReference; lastKnownFileType = sourcecode.swift; path = BasicRequestUITestsLaunchTests.swift; sourceTree = "<group>"; };
		85C388BE2896C93100F2B928 /* ApiManager .swift */ = {isa = PBXFileReference; lastKnownFileType = sourcecode.swift; path = "ApiManager .swift"; sourceTree = "<group>"; };
/* End PBXFileReference section */

/* Begin PBXFrameworksBuildPhase section */
		85C388832896AC8900F2B928 /* Frameworks */ = {
			isa = PBXFrameworksBuildPhase;
			buildActionMask = 2147483647;
			files = (
			);
			runOnlyForDeploymentPostprocessing = 0;
		};
		85C388992896AC8B00F2B928 /* Frameworks */ = {
			isa = PBXFrameworksBuildPhase;
			buildActionMask = 2147483647;
			files = (
			);
			runOnlyForDeploymentPostprocessing = 0;
		};
		85C388A32896AC8B00F2B928 /* Frameworks */ = {
			isa = PBXFrameworksBuildPhase;
			buildActionMask = 2147483647;
			files = (
			);
			runOnlyForDeploymentPostprocessing = 0;
		};
/* End PBXFrameworksBuildPhase section */

/* Begin PBXGroup section */
		85C3887D2896AC8900F2B928 = {
			isa = PBXGroup;
			children = (
				85C388882896AC8900F2B928 /* BasicRequest */,
				85C3889F2896AC8B00F2B928 /* BasicRequestTests */,
				85C388A92896AC8B00F2B928 /* BasicRequestUITests */,
				85C388872896AC8900F2B928 /* Products */,
			);
			sourceTree = "<group>";
		};
		85C388872896AC8900F2B928 /* Products */ = {
			isa = PBXGroup;
			children = (
				85C388862896AC8900F2B928 /* BasicRequest.app */,
				85C3889C2896AC8B00F2B928 /* BasicRequestTests.xctest */,
				85C388A62896AC8B00F2B928 /* BasicRequestUITests.xctest */,
			);
			name = Products;
			sourceTree = "<group>";
		};
		85C388882896AC8900F2B928 /* BasicRequest */ = {
			isa = PBXGroup;
			children = (
				85C388BB2896C90000F2B928 /* API */,
				85C388892896AC8900F2B928 /* AppDelegate.swift */,
				85C3888B2896AC8900F2B928 /* SceneDelegate.swift */,
				85C3888D2896AC8900F2B928 /* ViewController.swift */,
				85C3888F2896AC8900F2B928 /* Main.storyboard */,
				85C388922896AC8B00F2B928 /* Assets.xcassets */,
				85C388942896AC8B00F2B928 /* LaunchScreen.storyboard */,
				85C388972896AC8B00F2B928 /* Info.plist */,
			);
			path = BasicRequest;
			sourceTree = "<group>";
		};
		85C3889F2896AC8B00F2B928 /* BasicRequestTests */ = {
			isa = PBXGroup;
			children = (
				85C388A02896AC8B00F2B928 /* BasicRequestTests.swift */,
			);
			path = BasicRequestTests;
			sourceTree = "<group>";
		};
		85C388A92896AC8B00F2B928 /* BasicRequestUITests */ = {
			isa = PBXGroup;
			children = (
				85C388AA2896AC8B00F2B928 /* BasicRequestUITests.swift */,
				85C388AC2896AC8B00F2B928 /* BasicRequestUITestsLaunchTests.swift */,
			);
			path = BasicRequestUITests;
			sourceTree = "<group>";
		};
		85C388BB2896C90000F2B928 /* API */ = {
			isa = PBXGroup;
			children = (
				85C388BD2896C91400F2B928 /* services */,
				85C388BC2896C90900F2B928 /* models */,
			);
			path = API;
			sourceTree = "<group>";
		};
		85C388BC2896C90900F2B928 /* models */ = {
			isa = PBXGroup;
			children = (
				8580B3202896D52B0023AD55 /* Albums.swift */,
				8580B3252896D5470023AD55 /* Posts.swift */,
				8580B3232896D53C0023AD55 /* Users.swift */,
			);
			path = models;
			sourceTree = "<group>";
		};
		85C388BD2896C91400F2B928 /* services */ = {
			isa = PBXGroup;
			children = (
				85C388BE2896C93100F2B928 /* ApiManager .swift */,
			);
			path = services;
			sourceTree = "<group>";
		};
/* End PBXGroup section */

/* Begin PBXNativeTarget section */
		85C388852896AC8900F2B928 /* BasicRequest */ = {
			isa = PBXNativeTarget;
			buildConfigurationList = 85C388B02896AC8B00F2B928 /* Build configuration list for PBXNativeTarget "BasicRequest" */;
			buildPhases = (
				85C388822896AC8900F2B928 /* Sources */,
				85C388832896AC8900F2B928 /* Frameworks */,
				85C388842896AC8900F2B928 /* Resources */,
			);
			buildRules = (
			);
			dependencies = (
			);
			name = BasicRequest;
			productName = BasicRequest;
			productReference = 85C388862896AC8900F2B928 /* BasicRequest.app */;
			productType = "com.apple.product-type.application";
		};
		85C3889B2896AC8B00F2B928 /* BasicRequestTests */ = {
			isa = PBXNativeTarget;
			buildConfigurationList = 85C388B32896AC8B00F2B928 /* Build configuration list for PBXNativeTarget "BasicRequestTests" */;
			buildPhases = (
				85C388982896AC8B00F2B928 /* Sources */,
				85C388992896AC8B00F2B928 /* Frameworks */,
				85C3889A2896AC8B00F2B928 /* Resources */,
			);
			buildRules = (
			);
			dependencies = (
				85C3889E2896AC8B00F2B928 /* PBXTargetDependency */,
			);
			name = BasicRequestTests;
			productName = BasicRequestTests;
			productReference = 85C3889C2896AC8B00F2B928 /* BasicRequestTests.xctest */;
			productType = "com.apple.product-type.bundle.unit-test";
		};
		85C388A52896AC8B00F2B928 /* BasicRequestUITests */ = {
			isa = PBXNativeTarget;
			buildConfigurationList = 85C388B62896AC8B00F2B928 /* Build configuration list for PBXNativeTarget "BasicRequestUITests" */;
			buildPhases = (
				85C388A22896AC8B00F2B928 /* Sources */,
				85C388A32896AC8B00F2B928 /* Frameworks */,
				85C388A42896AC8B00F2B928 /* Resources */,
			);
			buildRules = (
			);
			dependencies = (
				85C388A82896AC8B00F2B928 /* PBXTargetDependency */,
			);
			name = BasicRequestUITests;
			productName = BasicRequestUITests;
			productReference = 85C388A62896AC8B00F2B928 /* BasicRequestUITests.xctest */;
			productType = "com.apple.product-type.bundle.ui-testing";
		};
/* End PBXNativeTarget section */

/* Begin PBXProject section */
		85C3887E2896AC8900F2B928 /* Project object */ = {
			isa = PBXProject;
			attributes = {
				BuildIndependentTargetsInParallel = 1;
				LastSwiftUpdateCheck = 1320;
				LastUpgradeCheck = 1320;
				TargetAttributes = {
					85C388852896AC8900F2B928 = {
						CreatedOnToolsVersion = 13.2.1;
					};
					85C3889B2896AC8B00F2B928 = {
						CreatedOnToolsVersion = 13.2.1;
						TestTargetID = 85C388852896AC8900F2B928;
					};
					85C388A52896AC8B00F2B928 = {
						CreatedOnToolsVersion = 13.2.1;
						TestTargetID = 85C388852896AC8900F2B928;
					};
				};
			};
			buildConfigurationList = 85C388812896AC8900F2B928 /* Build configuration list for PBXProject "BasicRequest" */;
			compatibilityVersion = "Xcode 13.0";
			developmentRegion = en;
			hasScannedForEncodings = 0;
			knownRegions = (
				en,
				Base,
			);
			mainGroup = 85C3887D2896AC8900F2B928;
			productRefGroup = 85C388872896AC8900F2B928 /* Products */;
			projectDirPath = "";
			projectRoot = "";
			targets = (
				85C388852896AC8900F2B928 /* BasicRequest */,
				85C3889B2896AC8B00F2B928 /* BasicRequestTests */,
				85C388A52896AC8B00F2B928 /* BasicRequestUITests */,
			);
		};
/* End PBXProject section */

/* Begin PBXResourcesBuildPhase section */
		85C388842896AC8900F2B928 /* Resources */ = {
			isa = PBXResourcesBuildPhase;
			buildActionMask = 2147483647;
			files = (
				85C388962896AC8B00F2B928 /* LaunchScreen.storyboard in Resources */,
				85C388932896AC8B00F2B928 /* Assets.xcassets in Resources */,
				85C388912896AC8900F2B928 /* Main.storyboard in Resources */,
			);
			runOnlyForDeploymentPostprocessing = 0;
		};
		85C3889A2896AC8B00F2B928 /* Resources */ = {
			isa = PBXResourcesBuildPhase;
			buildActionMask = 2147483647;
			files = (
			);
			runOnlyForDeploymentPostprocessing = 0;
		};
		85C388A42896AC8B00F2B928 /* Resources */ = {
			isa = PBXResourcesBuildPhase;
			buildActionMask = 2147483647;
			files = (
			);
			runOnlyForDeploymentPostprocessing = 0;
		};
/* End PBXResourcesBuildPhase section */

/* Begin PBXSourcesBuildPhase section */
		85C388822896AC8900F2B928 /* Sources */ = {
			isa = PBXSourcesBuildPhase;
			buildActionMask = 2147483647;
			files = (
				85C3888E2896AC8900F2B928 /* ViewController.swift in Sources */,
				85C3888A2896AC8900F2B928 /* AppDelegate.swift in Sources */,
				8580B3212896D52C0023AD55 /* Albums.swift in Sources */,
				85C388BF2896C93100F2B928 /* ApiManager .swift in Sources */,
				85C3888C2896AC8900F2B928 /* SceneDelegate.swift in Sources */,
				8580B3242896D53C0023AD55 /* Users.swift in Sources */,
				8580B3262896D5470023AD55 /* Posts.swift in Sources */,
			);
			runOnlyForDeploymentPostprocessing = 0;
		};
		85C388982896AC8B00F2B928 /* Sources */ = {
			isa = PBXSourcesBuildPhase;
			buildActionMask = 2147483647;
			files = (
				85C388A12896AC8B00F2B928 /* BasicRequestTests.swift in Sources */,
			);
			runOnlyForDeploymentPostprocessing = 0;
		};
		85C388A22896AC8B00F2B928 /* Sources */ = {
			isa = PBXSourcesBuildPhase;
			buildActionMask = 2147483647;
			files = (
				85C388AB2896AC8B00F2B928 /* BasicRequestUITests.swift in Sources */,
				85C388AD2896AC8B00F2B928 /* BasicRequestUITestsLaunchTests.swift in Sources */,
			);
			runOnlyForDeploymentPostprocessing = 0;
		};
/* End PBXSourcesBuildPhase section */

/* Begin PBXTargetDependency section */
		85C3889E2896AC8B00F2B928 /* PBXTargetDependency */ = {
			isa = PBXTargetDependency;
			target = 85C388852896AC8900F2B928 /* BasicRequest */;
			targetProxy = 85C3889D2896AC8B00F2B928 /* PBXContainerItemProxy */;
		};
		85C388A82896AC8B00F2B928 /* PBXTargetDependency */ = {
			isa = PBXTargetDependency;
			target = 85C388852896AC8900F2B928 /* BasicRequest */;
			targetProxy = 85C388A72896AC8B00F2B928 /* PBXContainerItemProxy */;
		};
/* End PBXTargetDependency section */

/* Begin PBXVariantGroup section */
		85C3888F2896AC8900F2B928 /* Main.storyboard */ = {
			isa = PBXVariantGroup;
			children = (
				85C388902896AC8900F2B928 /* Base */,
			);
			name = Main.storyboard;
			sourceTree = "<group>";
		};
		85C388942896AC8B00F2B928 /* LaunchScreen.storyboard */ = {
			isa = PBXVariantGroup;
			children = (
				85C388952896AC8B00F2B928 /* Base */,
			);
			name = LaunchScreen.storyboard;
			sourceTree = "<group>";
		};
/* End PBXVariantGroup section */

/* Begin XCBuildConfiguration section */
		85C388AE2896AC8B00F2B928 /* Debug */ = {
			isa = XCBuildConfiguration;
			buildSettings = {
				ALWAYS_SEARCH_USER_PATHS = NO;
				CLANG_ANALYZER_NONNULL = YES;
				CLANG_ANALYZER_NUMBER_OBJECT_CONVERSION = YES_AGGRESSIVE;
				CLANG_CXX_LANGUAGE_STANDARD = "gnu++17";
				CLANG_CXX_LIBRARY = "libc++";
				CLANG_ENABLE_MODULES = YES;
				CLANG_ENABLE_OBJC_ARC = YES;
				CLANG_ENABLE_OBJC_WEAK = YES;
				CLANG_WARN_BLOCK_CAPTURE_AUTORELEASING = YES;
				CLANG_WARN_BOOL_CONVERSION = YES;
				CLANG_WARN_COMMA = YES;
				CLANG_WARN_CONSTANT_CONVERSION = YES;
				CLANG_WARN_DEPRECATED_OBJC_IMPLEMENTATIONS = YES;
				CLANG_WARN_DIRECT_OBJC_ISA_USAGE = YES_ERROR;
				CLANG_WARN_DOCUMENTATION_COMMENTS = YES;
				CLANG_WARN_EMPTY_BODY = YES;
				CLANG_WARN_ENUM_CONVERSION = YES;
				CLANG_WARN_INFINITE_RECURSION = YES;
				CLANG_WARN_INT_CONVERSION = YES;
				CLANG_WARN_NON_LITERAL_NULL_CONVERSION = YES;
				CLANG_WARN_OBJC_IMPLICIT_RETAIN_SELF = YES;
				CLANG_WARN_OBJC_LITERAL_CONVERSION = YES;
				CLANG_WARN_OBJC_ROOT_CLASS = YES_ERROR;
				CLANG_WARN_QUOTED_INCLUDE_IN_FRAMEWORK_HEADER = YES;
				CLANG_WARN_RANGE_LOOP_ANALYSIS = YES;
				CLANG_WARN_STRICT_PROTOTYPES = YES;
				CLANG_WARN_SUSPICIOUS_MOVE = YES;
				CLANG_WARN_UNGUARDED_AVAILABILITY = YES_AGGRESSIVE;
				CLANG_WARN_UNREACHABLE_CODE = YES;
				CLANG_WARN__DUPLICATE_METHOD_MATCH = YES;
				COPY_PHASE_STRIP = NO;
				DEBUG_INFORMATION_FORMAT = dwarf;
				ENABLE_STRICT_OBJC_MSGSEND = YES;
				ENABLE_TESTABILITY = YES;
				GCC_C_LANGUAGE_STANDARD = gnu11;
				GCC_DYNAMIC_NO_PIC = NO;
				GCC_NO_COMMON_BLOCKS = YES;
				GCC_OPTIMIZATION_LEVEL = 0;
				GCC_PREPROCESSOR_DEFINITIONS = (
					"DEBUG=1",
					"$(inherited)",
				);
				GCC_WARN_64_TO_32_BIT_CONVERSION = YES;
				GCC_WARN_ABOUT_RETURN_TYPE = YES_ERROR;
				GCC_WARN_UNDECLARED_SELECTOR = YES;
				GCC_WARN_UNINITIALIZED_AUTOS = YES_AGGRESSIVE;
				GCC_WARN_UNUSED_FUNCTION = YES;
				GCC_WARN_UNUSED_VARIABLE = YES;
				IPHONEOS_DEPLOYMENT_TARGET = 15.2;
				MTL_ENABLE_DEBUG_INFO = INCLUDE_SOURCE;
				MTL_FAST_MATH = YES;
				ONLY_ACTIVE_ARCH = YES;
				SDKROOT = iphoneos;
				SWIFT_ACTIVE_COMPILATION_CONDITIONS = DEBUG;
				SWIFT_OPTIMIZATION_LEVEL = "-Onone";
			};
			name = Debug;
		};
		85C388AF2896AC8B00F2B928 /* Release */ = {
			isa = XCBuildConfiguration;
			buildSettings = {
				ALWAYS_SEARCH_USER_PATHS = NO;
				CLANG_ANALYZER_NONNULL = YES;
				CLANG_ANALYZER_NUMBER_OBJECT_CONVERSION = YES_AGGRESSIVE;
				CLANG_CXX_LANGUAGE_STANDARD = "gnu++17";
				CLANG_CXX_LIBRARY = "libc++";
				CLANG_ENABLE_MODULES = YES;
				CLANG_ENABLE_OBJC_ARC = YES;
				CLANG_ENABLE_OBJC_WEAK = YES;
				CLANG_WARN_BLOCK_CAPTURE_AUTORELEASING = YES;
				CLANG_WARN_BOOL_CONVERSION = YES;
				CLANG_WARN_COMMA = YES;
				CLANG_WARN_CONSTANT_CONVERSION = YES;
				CLANG_WARN_DEPRECATED_OBJC_IMPLEMENTATIONS = YES;
				CLANG_WARN_DIRECT_OBJC_ISA_USAGE = YES_ERROR;
				CLANG_WARN_DOCUMENTATION_COMMENTS = YES;
				CLANG_WARN_EMPTY_BODY = YES;
				CLANG_WARN_ENUM_CONVERSION = YES;
				CLANG_WARN_INFINITE_RECURSION = YES;
				CLANG_WARN_INT_CONVERSION = YES;
				CLANG_WARN_NON_LITERAL_NULL_CONVERSION = YES;
				CLANG_WARN_OBJC_IMPLICIT_RETAIN_SELF = YES;
				CLANG_WARN_OBJC_LITERAL_CONVERSION = YES;
				CLANG_WARN_OBJC_ROOT_CLASS = YES_ERROR;
				CLANG_WARN_QUOTED_INCLUDE_IN_FRAMEWORK_HEADER = YES;
				CLANG_WARN_RANGE_LOOP_ANALYSIS = YES;
				CLANG_WARN_STRICT_PROTOTYPES = YES;
				CLANG_WARN_SUSPICIOUS_MOVE = YES;
				CLANG_WARN_UNGUARDED_AVAILABILITY = YES_AGGRESSIVE;
				CLANG_WARN_UNREACHABLE_CODE = YES;
				CLANG_WARN__DUPLICATE_METHOD_MATCH = YES;
				COPY_PHASE_STRIP = NO;
				DEBUG_INFORMATION_FORMAT = "dwarf-with-dsym";
				ENABLE_NS_ASSERTIONS = NO;
				ENABLE_STRICT_OBJC_MSGSEND = YES;
				GCC_C_LANGUAGE_STANDARD = gnu11;
				GCC_NO_COMMON_BLOCKS = YES;
				GCC_WARN_64_TO_32_BIT_CONVERSION = YES;
				GCC_WARN_ABOUT_RETURN_TYPE = YES_ERROR;
				GCC_WARN_UNDECLARED_SELECTOR = YES;
				GCC_WARN_UNINITIALIZED_AUTOS = YES_AGGRESSIVE;
				GCC_WARN_UNUSED_FUNCTION = YES;
				GCC_WARN_UNUSED_VARIABLE = YES;
				IPHONEOS_DEPLOYMENT_TARGET = 15.2;
				MTL_ENABLE_DEBUG_INFO = NO;
				MTL_FAST_MATH = YES;
				SDKROOT = iphoneos;
				SWIFT_COMPILATION_MODE = wholemodule;
				SWIFT_OPTIMIZATION_LEVEL = "-O";
				VALIDATE_PRODUCT = YES;
			};
			name = Release;
		};
		85C388B12896AC8B00F2B928 /* Debug */ = {
			isa = XCBuildConfiguration;
			buildSettings = {
				ASSETCATALOG_COMPILER_APPICON_NAME = AppIcon;
				ASSETCATALOG_COMPILER_GLOBAL_ACCENT_COLOR_NAME = AccentColor;
				CODE_SIGN_STYLE = Automatic;
				CURRENT_PROJECT_VERSION = 1;
				DEVELOPMENT_TEAM = 9YCHZYVS3V;
				GENERATE_INFOPLIST_FILE = YES;
				INFOPLIST_FILE = BasicRequest/Info.plist;
				INFOPLIST_KEY_UIApplicationSupportsIndirectInputEvents = YES;
				INFOPLIST_KEY_UILaunchStoryboardName = LaunchScreen;
				INFOPLIST_KEY_UIMainStoryboardFile = Main;
				INFOPLIST_KEY_UISupportedInterfaceOrientations_iPad = "UIInterfaceOrientationPortrait UIInterfaceOrientationPortraitUpsideDown UIInterfaceOrientationLandscapeLeft UIInterfaceOrientationLandscapeRight";
				INFOPLIST_KEY_UISupportedInterfaceOrientations_iPhone = "UIInterfaceOrientationPortrait UIInterfaceOrientationLandscapeLeft UIInterfaceOrientationLandscapeRight";
				LD_RUNPATH_SEARCH_PATHS = (
					"$(inherited)",
					"@executable_path/Frameworks",
				);
				MARKETING_VERSION = 1.0;
				PRODUCT_BUNDLE_IDENTIFIER = sartyushin.BasicRequest;
				PRODUCT_NAME = "$(TARGET_NAME)";
				SWIFT_EMIT_LOC_STRINGS = YES;
				SWIFT_VERSION = 5.0;
				TARGETED_DEVICE_FAMILY = "1,2";
			};
			name = Debug;
		};
		85C388B22896AC8B00F2B928 /* Release */ = {
			isa = XCBuildConfiguration;
			buildSettings = {
				ASSETCATALOG_COMPILER_APPICON_NAME = AppIcon;
				ASSETCATALOG_COMPILER_GLOBAL_ACCENT_COLOR_NAME = AccentColor;
				CODE_SIGN_STYLE = Automatic;
				CURRENT_PROJECT_VERSION = 1;
				DEVELOPMENT_TEAM = 9YCHZYVS3V;
				GENERATE_INFOPLIST_FILE = YES;
				INFOPLIST_FILE = BasicRequest/Info.plist;
				INFOPLIST_KEY_UIApplicationSupportsIndirectInputEvents = YES;
				INFOPLIST_KEY_UILaunchStoryboardName = LaunchScreen;
				INFOPLIST_KEY_UIMainStoryboardFile = Main;
				INFOPLIST_KEY_UISupportedInterfaceOrientations_iPad = "UIInterfaceOrientationPortrait UIInterfaceOrientationPortraitUpsideDown UIInterfaceOrientationLandscapeLeft UIInterfaceOrientationLandscapeRight";
				INFOPLIST_KEY_UISupportedInterfaceOrientations_iPhone = "UIInterfaceOrientationPortrait UIInterfaceOrientationLandscapeLeft UIInterfaceOrientationLandscapeRight";
				LD_RUNPATH_SEARCH_PATHS = (
					"$(inherited)",
					"@executable_path/Frameworks",
				);
				MARKETING_VERSION = 1.0;
				PRODUCT_BUNDLE_IDENTIFIER = sartyushin.BasicRequest;
				PRODUCT_NAME = "$(TARGET_NAME)";
				SWIFT_EMIT_LOC_STRINGS = YES;
				SWIFT_VERSION = 5.0;
				TARGETED_DEVICE_FAMILY = "1,2";
			};
			name = Release;
		};
		85C388B42896AC8B00F2B928 /* Debug */ = {
			isa = XCBuildConfiguration;
			buildSettings = {
				ALWAYS_EMBED_SWIFT_STANDARD_LIBRARIES = YES;
				BUNDLE_LOADER = "$(TEST_HOST)";
				CODE_SIGN_STYLE = Automatic;
				CURRENT_PROJECT_VERSION = 1;
				DEVELOPMENT_TEAM = 9YCHZYVS3V;
				GENERATE_INFOPLIST_FILE = YES;
				IPHONEOS_DEPLOYMENT_TARGET = 15.2;
				MARKETING_VERSION = 1.0;
				PRODUCT_BUNDLE_IDENTIFIER = sartyushin.BasicRequestTests;
				PRODUCT_NAME = "$(TARGET_NAME)";
				SWIFT_EMIT_LOC_STRINGS = NO;
				SWIFT_VERSION = 5.0;
				TARGETED_DEVICE_FAMILY = "1,2";
				TEST_HOST = "$(BUILT_PRODUCTS_DIR)/BasicRequest.app/BasicRequest";
			};
			name = Debug;
		};
		85C388B52896AC8B00F2B928 /* Release */ = {
			isa = XCBuildConfiguration;
			buildSettings = {
				ALWAYS_EMBED_SWIFT_STANDARD_LIBRARIES = YES;
				BUNDLE_LOADER = "$(TEST_HOST)";
				CODE_SIGN_STYLE = Automatic;
				CURRENT_PROJECT_VERSION = 1;
				DEVELOPMENT_TEAM = 9YCHZYVS3V;
				GENERATE_INFOPLIST_FILE = YES;
				IPHONEOS_DEPLOYMENT_TARGET = 15.2;
				MARKETING_VERSION = 1.0;
				PRODUCT_BUNDLE_IDENTIFIER = sartyushin.BasicRequestTests;
				PRODUCT_NAME = "$(TARGET_NAME)";
				SWIFT_EMIT_LOC_STRINGS = NO;
				SWIFT_VERSION = 5.0;
				TARGETED_DEVICE_FAMILY = "1,2";
				TEST_HOST = "$(BUILT_PRODUCTS_DIR)/BasicRequest.app/BasicRequest";
			};
			name = Release;
		};
		85C388B72896AC8B00F2B928 /* Debug */ = {
			isa = XCBuildConfiguration;
			buildSettings = {
				ALWAYS_EMBED_SWIFT_STANDARD_LIBRARIES = YES;
				CODE_SIGN_STYLE = Automatic;
				CURRENT_PROJECT_VERSION = 1;
				DEVELOPMENT_TEAM = 9YCHZYVS3V;
				GENERATE_INFOPLIST_FILE = YES;
				MARKETING_VERSION = 1.0;
				PRODUCT_BUNDLE_IDENTIFIER = sartyushin.BasicRequestUITests;
				PRODUCT_NAME = "$(TARGET_NAME)";
				SWIFT_EMIT_LOC_STRINGS = NO;
				SWIFT_VERSION = 5.0;
				TARGETED_DEVICE_FAMILY = "1,2";
				TEST_TARGET_NAME = BasicRequest;
			};
			name = Debug;
		};
		85C388B82896AC8B00F2B928 /* Release */ = {
			isa = XCBuildConfiguration;
			buildSettings = {
				ALWAYS_EMBED_SWIFT_STANDARD_LIBRARIES = YES;
				CODE_SIGN_STYLE = Automatic;
				CURRENT_PROJECT_VERSION = 1;
				DEVELOPMENT_TEAM = 9YCHZYVS3V;
				GENERATE_INFOPLIST_FILE = YES;
				MARKETING_VERSION = 1.0;
				PRODUCT_BUNDLE_IDENTIFIER = sartyushin.BasicRequestUITests;
				PRODUCT_NAME = "$(TARGET_NAME)";
				SWIFT_EMIT_LOC_STRINGS = NO;
				SWIFT_VERSION = 5.0;
				TARGETED_DEVICE_FAMILY = "1,2";
				TEST_TARGET_NAME = BasicRequest;
			};
			name = Release;
		};
/* End XCBuildConfiguration section */

/* Begin XCConfigurationList section */
		85C388812896AC8900F2B928 /* Build configuration list for PBXProject "BasicRequest" */ = {
			isa = XCConfigurationList;
			buildConfigurations = (
				85C388AE2896AC8B00F2B928 /* Debug */,
				85C388AF2896AC8B00F2B928 /* Release */,
			);
			defaultConfigurationIsVisible = 0;
			defaultConfigurationName = Release;
		};
		85C388B02896AC8B00F2B928 /* Build configuration list for PBXNativeTarget "BasicRequest" */ = {
			isa = XCConfigurationList;
			buildConfigurations = (
				85C388B12896AC8B00F2B928 /* Debug */,
				85C388B22896AC8B00F2B928 /* Release */,
			);
			defaultConfigurationIsVisible = 0;
			defaultConfigurationName = Release;
		};
		85C388B32896AC8B00F2B928 /* Build configuration list for PBXNativeTarget "BasicRequestTests" */ = {
			isa = XCConfigurationList;
			buildConfigurations = (
				85C388B42896AC8B00F2B928 /* Debug */,
				85C388B52896AC8B00F2B928 /* Release */,
			);
			defaultConfigurationIsVisible = 0;
			defaultConfigurationName = Release;
		};
		85C388B62896AC8B00F2B928 /* Build configuration list for PBXNativeTarget "BasicRequestUITests" */ = {
			isa = XCConfigurationList;
			buildConfigurations = (
				85C388B72896AC8B00F2B928 /* Debug */,
				85C388B82896AC8B00F2B928 /* Release */,
			);
			defaultConfigurationIsVisible = 0;
			defaultConfigurationName = Release;
		};
/* End XCConfigurationList section */
	};
	rootObject = 85C3887E2896AC8900F2B928 /* Project object */;
}
