// !$*UTF8*$!
{
	archiveVersion = 1;
	classes = {
	};
	objectVersion = 55;
	objects = {

/* Begin PBXBuildFile section */
		85FCD9C62868A82400A1ACC7 /* AppDelegate.swift in Sources */ = {isa = PBXBuildFile; fileRef = 85FCD9C52868A82400A1ACC7 /* AppDelegate.swift */; };
		85FCD9C82868A82400A1ACC7 /* SceneDelegate.swift in Sources */ = {isa = PBXBuildFile; fileRef = 85FCD9C72868A82400A1ACC7 /* SceneDelegate.swift */; };
		85FCD9CA2868A82400A1ACC7 /* AuthViewController.swift in Sources */ = {isa = PBXBuildFile; fileRef = 85FCD9C92868A82400A1ACC7 /* AuthViewController.swift */; };
		85FCD9D02868A82400A1ACC7 /* AlbumProject.xcdatamodeld in Sources */ = {isa = PBXBuildFile; fileRef = 85FCD9CE2868A82400A1ACC7 /* AlbumProject.xcdatamodeld */; };
		85FCD9D22868A82600A1ACC7 /* Assets.xcassets in Resources */ = {isa = PBXBuildFile; fileRef = 85FCD9D12868A82600A1ACC7 /* Assets.xcassets */; };
		85FCD9D52868A82600A1ACC7 /* LaunchScreen.storyboard in Resources */ = {isa = PBXBuildFile; fileRef = 85FCD9D32868A82600A1ACC7 /* LaunchScreen.storyboard */; };
		85FCD9E02868A82600A1ACC7 /* AlbumProjectTests.swift in Sources */ = {isa = PBXBuildFile; fileRef = 85FCD9DF2868A82600A1ACC7 /* AlbumProjectTests.swift */; };
		85FCD9EA2868A82600A1ACC7 /* AlbumProjectUITests.swift in Sources */ = {isa = PBXBuildFile; fileRef = 85FCD9E92868A82600A1ACC7 /* AlbumProjectUITests.swift */; };
		85FCD9EC2868A82600A1ACC7 /* AlbumProjectUITestsLaunchTests.swift in Sources */ = {isa = PBXBuildFile; fileRef = 85FCD9EB2868A82600A1ACC7 /* AlbumProjectUITestsLaunchTests.swift */; };
		85FCD9FD2868BD7900A1ACC7 /* UIStackViewExtensions.swift in Sources */ = {isa = PBXBuildFile; fileRef = 85FCD9FC2868BD7900A1ACC7 /* UIStackViewExtensions.swift */; };
		85FCD9FF2868CDA100A1ACC7 /* SingUpViewController.swift in Sources */ = {isa = PBXBuildFile; fileRef = 85FCD9FE2868CDA100A1ACC7 /* SingUpViewController.swift */; };
		85FCDA012871C13700A1ACC7 /* AlbumViewController.swift in Sources */ = {isa = PBXBuildFile; fileRef = 85FCDA002871C13700A1ACC7 /* AlbumViewController.swift */; };
		85FCDA032872BD9600A1ACC7 /* UIViewControllerExtension.swift in Sources */ = {isa = PBXBuildFile; fileRef = 85FCDA022872BD9600A1ACC7 /* UIViewControllerExtension.swift */; };
		85FCDA052872C23F00A1ACC7 /* DetailAlbumViewController.swift in Sources */ = {isa = PBXBuildFile; fileRef = 85FCDA042872C23F00A1ACC7 /* DetailAlbumViewController.swift */; };
		85FCDA072872C25900A1ACC7 /* UserInfoViewController.swift in Sources */ = {isa = PBXBuildFile; fileRef = 85FCDA062872C25900A1ACC7 /* UserInfoViewController.swift */; };
		85FCDA092872C28300A1ACC7 /* AlbumsTableViewCell.swift in Sources */ = {isa = PBXBuildFile; fileRef = 85FCDA082872C28200A1ACC7 /* AlbumsTableViewCell.swift */; };
		85FCDA0B2872C2BD00A1ACC7 /* SongsCollectionViewController.swift in Sources */ = {isa = PBXBuildFile; fileRef = 85FCDA0A2872C2BD00A1ACC7 /* SongsCollectionViewController.swift */; };
/* End PBXBuildFile section */

/* Begin PBXContainerItemProxy section */
		85FCD9DC2868A82600A1ACC7 /* PBXContainerItemProxy */ = {
			isa = PBXContainerItemProxy;
			containerPortal = 85FCD9BA2868A82400A1ACC7 /* Project object */;
			proxyType = 1;
			remoteGlobalIDString = 85FCD9C12868A82400A1ACC7;
			remoteInfo = AlbumProject;
		};
		85FCD9E62868A82600A1ACC7 /* PBXContainerItemProxy */ = {
			isa = PBXContainerItemProxy;
			containerPortal = 85FCD9BA2868A82400A1ACC7 /* Project object */;
			proxyType = 1;
			remoteGlobalIDString = 85FCD9C12868A82400A1ACC7;
			remoteInfo = AlbumProject;
		};
/* End PBXContainerItemProxy section */

/* Begin PBXFileReference section */
		85FCD9C22868A82400A1ACC7 /* AlbumProject.app */ = {isa = PBXFileReference; explicitFileType = wrapper.application; includeInIndex = 0; path = AlbumProject.app; sourceTree = BUILT_PRODUCTS_DIR; };
		85FCD9C52868A82400A1ACC7 /* AppDelegate.swift */ = {isa = PBXFileReference; lastKnownFileType = sourcecode.swift; path = AppDelegate.swift; sourceTree = "<group>"; };
		85FCD9C72868A82400A1ACC7 /* SceneDelegate.swift */ = {isa = PBXFileReference; lastKnownFileType = sourcecode.swift; path = SceneDelegate.swift; sourceTree = "<group>"; };
		85FCD9C92868A82400A1ACC7 /* AuthViewController.swift */ = {isa = PBXFileReference; lastKnownFileType = sourcecode.swift; path = AuthViewController.swift; sourceTree = "<group>"; };
		85FCD9CF2868A82400A1ACC7 /* AlbumProject.xcdatamodel */ = {isa = PBXFileReference; lastKnownFileType = wrapper.xcdatamodel; path = AlbumProject.xcdatamodel; sourceTree = "<group>"; };
		85FCD9D12868A82600A1ACC7 /* Assets.xcassets */ = {isa = PBXFileReference; lastKnownFileType = folder.assetcatalog; path = Assets.xcassets; sourceTree = "<group>"; };
		85FCD9D42868A82600A1ACC7 /* Base */ = {isa = PBXFileReference; lastKnownFileType = file.storyboard; name = Base; path = Base.lproj/LaunchScreen.storyboard; sourceTree = "<group>"; };
		85FCD9D62868A82600A1ACC7 /* Info.plist */ = {isa = PBXFileReference; lastKnownFileType = text.plist.xml; path = Info.plist; sourceTree = "<group>"; };
		85FCD9DB2868A82600A1ACC7 /* AlbumProjectTests.xctest */ = {isa = PBXFileReference; explicitFileType = wrapper.cfbundle; includeInIndex = 0; path = AlbumProjectTests.xctest; sourceTree = BUILT_PRODUCTS_DIR; };
		85FCD9DF2868A82600A1ACC7 /* AlbumProjectTests.swift */ = {isa = PBXFileReference; lastKnownFileType = sourcecode.swift; path = AlbumProjectTests.swift; sourceTree = "<group>"; };
		85FCD9E52868A82600A1ACC7 /* AlbumProjectUITests.xctest */ = {isa = PBXFileReference; explicitFileType = wrapper.cfbundle; includeInIndex = 0; path = AlbumProjectUITests.xctest; sourceTree = BUILT_PRODUCTS_DIR; };
		85FCD9E92868A82600A1ACC7 /* AlbumProjectUITests.swift */ = {isa = PBXFileReference; lastKnownFileType = sourcecode.swift; path = AlbumProjectUITests.swift; sourceTree = "<group>"; };
		85FCD9EB2868A82600A1ACC7 /* AlbumProjectUITestsLaunchTests.swift */ = {isa = PBXFileReference; lastKnownFileType = sourcecode.swift; path = AlbumProjectUITestsLaunchTests.swift; sourceTree = "<group>"; };
		85FCD9FC2868BD7900A1ACC7 /* UIStackViewExtensions.swift */ = {isa = PBXFileReference; lastKnownFileType = sourcecode.swift; path = UIStackViewExtensions.swift; sourceTree = "<group>"; };
		85FCD9FE2868CDA100A1ACC7 /* SingUpViewController.swift */ = {isa = PBXFileReference; lastKnownFileType = sourcecode.swift; path = SingUpViewController.swift; sourceTree = "<group>"; };
		85FCDA002871C13700A1ACC7 /* AlbumViewController.swift */ = {isa = PBXFileReference; lastKnownFileType = sourcecode.swift; path = AlbumViewController.swift; sourceTree = "<group>"; };
		85FCDA022872BD9600A1ACC7 /* UIViewControllerExtension.swift */ = {isa = PBXFileReference; lastKnownFileType = sourcecode.swift; path = UIViewControllerExtension.swift; sourceTree = "<group>"; };
		85FCDA042872C23F00A1ACC7 /* DetailAlbumViewController.swift */ = {isa = PBXFileReference; lastKnownFileType = sourcecode.swift; path = DetailAlbumViewController.swift; sourceTree = "<group>"; };
		85FCDA062872C25900A1ACC7 /* UserInfoViewController.swift */ = {isa = PBXFileReference; lastKnownFileType = sourcecode.swift; path = UserInfoViewController.swift; sourceTree = "<group>"; };
		85FCDA082872C28200A1ACC7 /* AlbumsTableViewCell.swift */ = {isa = PBXFileReference; lastKnownFileType = sourcecode.swift; path = AlbumsTableViewCell.swift; sourceTree = "<group>"; };
		85FCDA0A2872C2BD00A1ACC7 /* SongsCollectionViewController.swift */ = {isa = PBXFileReference; lastKnownFileType = sourcecode.swift; path = SongsCollectionViewController.swift; sourceTree = "<group>"; };
/* End PBXFileReference section */

/* Begin PBXFrameworksBuildPhase section */
		85FCD9BF2868A82400A1ACC7 /* Frameworks */ = {
			isa = PBXFrameworksBuildPhase;
			buildActionMask = 2147483647;
			files = (
			);
			runOnlyForDeploymentPostprocessing = 0;
		};
		85FCD9D82868A82600A1ACC7 /* Frameworks */ = {
			isa = PBXFrameworksBuildPhase;
			buildActionMask = 2147483647;
			files = (
			);
			runOnlyForDeploymentPostprocessing = 0;
		};
		85FCD9E22868A82600A1ACC7 /* Frameworks */ = {
			isa = PBXFrameworksBuildPhase;
			buildActionMask = 2147483647;
			files = (
			);
			runOnlyForDeploymentPostprocessing = 0;
		};
/* End PBXFrameworksBuildPhase section */

/* Begin PBXGroup section */
		85FCD9B92868A82400A1ACC7 = {
			isa = PBXGroup;
			children = (
				85FCD9C42868A82400A1ACC7 /* AlbumProject */,
				85FCD9DE2868A82600A1ACC7 /* AlbumProjectTests */,
				85FCD9E82868A82600A1ACC7 /* AlbumProjectUITests */,
				85FCD9C32868A82400A1ACC7 /* Products */,
			);
			sourceTree = "<group>";
		};
		85FCD9C32868A82400A1ACC7 /* Products */ = {
			isa = PBXGroup;
			children = (
				85FCD9C22868A82400A1ACC7 /* AlbumProject.app */,
				85FCD9DB2868A82600A1ACC7 /* AlbumProjectTests.xctest */,
				85FCD9E52868A82600A1ACC7 /* AlbumProjectUITests.xctest */,
			);
			name = Products;
			sourceTree = "<group>";
		};
		85FCD9C42868A82400A1ACC7 /* AlbumProject */ = {
			isa = PBXGroup;
			children = (
				85FCD9F92868B13900A1ACC7 /* Extensions */,
				85FCD9F82868AEE800A1ACC7 /* Controllers */,
				85FCD9C52868A82400A1ACC7 /* AppDelegate.swift */,
				85FCD9C72868A82400A1ACC7 /* SceneDelegate.swift */,
				85FCD9D12868A82600A1ACC7 /* Assets.xcassets */,
				85FCD9D32868A82600A1ACC7 /* LaunchScreen.storyboard */,
				85FCD9D62868A82600A1ACC7 /* Info.plist */,
				85FCD9CE2868A82400A1ACC7 /* AlbumProject.xcdatamodeld */,
			);
			path = AlbumProject;
			sourceTree = "<group>";
		};
		85FCD9DE2868A82600A1ACC7 /* AlbumProjectTests */ = {
			isa = PBXGroup;
			children = (
				85FCD9DF2868A82600A1ACC7 /* AlbumProjectTests.swift */,
			);
			path = AlbumProjectTests;
			sourceTree = "<group>";
		};
		85FCD9E82868A82600A1ACC7 /* AlbumProjectUITests */ = {
			isa = PBXGroup;
			children = (
				85FCD9E92868A82600A1ACC7 /* AlbumProjectUITests.swift */,
				85FCD9EB2868A82600A1ACC7 /* AlbumProjectUITestsLaunchTests.swift */,
			);
			path = AlbumProjectUITests;
			sourceTree = "<group>";
		};
		85FCD9F82868AEE800A1ACC7 /* Controllers */ = {
			isa = PBXGroup;
			children = (
				85FCD9FA2868B15C00A1ACC7 /* Cells */,
				85FCD9C92868A82400A1ACC7 /* AuthViewController.swift */,
				85FCD9FE2868CDA100A1ACC7 /* SingUpViewController.swift */,
				85FCDA002871C13700A1ACC7 /* AlbumViewController.swift */,
				85FCDA042872C23F00A1ACC7 /* DetailAlbumViewController.swift */,
				85FCDA062872C25900A1ACC7 /* UserInfoViewController.swift */,
			);
			path = Controllers;
			sourceTree = "<group>";
		};
		85FCD9F92868B13900A1ACC7 /* Extensions */ = {
			isa = PBXGroup;
			children = (
				85FCD9FB2868BD4B00A1ACC7 /* UIKit */,
			);
			path = Extensions;
			sourceTree = "<group>";
		};
		85FCD9FA2868B15C00A1ACC7 /* Cells */ = {
			isa = PBXGroup;
			children = (
				85FCDA082872C28200A1ACC7 /* AlbumsTableViewCell.swift */,
				85FCDA0A2872C2BD00A1ACC7 /* SongsCollectionViewController.swift */,
			);
			path = Cells;
			sourceTree = "<group>";
		};
		85FCD9FB2868BD4B00A1ACC7 /* UIKit */ = {
			isa = PBXGroup;
			children = (
				85FCD9FC2868BD7900A1ACC7 /* UIStackViewExtensions.swift */,
				85FCDA022872BD9600A1ACC7 /* UIViewControllerExtension.swift */,
			);
			path = UIKit;
			sourceTree = "<group>";
		};
/* End PBXGroup section */

/* Begin PBXNativeTarget section */
		85FCD9C12868A82400A1ACC7 /* AlbumProject */ = {
			isa = PBXNativeTarget;
			buildConfigurationList = 85FCD9EF2868A82600A1ACC7 /* Build configuration list for PBXNativeTarget "AlbumProject" */;
			buildPhases = (
				85FCD9BE2868A82400A1ACC7 /* Sources */,
				85FCD9BF2868A82400A1ACC7 /* Frameworks */,
				85FCD9C02868A82400A1ACC7 /* Resources */,
			);
			buildRules = (
			);
			dependencies = (
			);
			name = AlbumProject;
			productName = AlbumProject;
			productReference = 85FCD9C22868A82400A1ACC7 /* AlbumProject.app */;
			productType = "com.apple.product-type.application";
		};
		85FCD9DA2868A82600A1ACC7 /* AlbumProjectTests */ = {
			isa = PBXNativeTarget;
			buildConfigurationList = 85FCD9F22868A82600A1ACC7 /* Build configuration list for PBXNativeTarget "AlbumProjectTests" */;
			buildPhases = (
				85FCD9D72868A82600A1ACC7 /* Sources */,
				85FCD9D82868A82600A1ACC7 /* Frameworks */,
				85FCD9D92868A82600A1ACC7 /* Resources */,
			);
			buildRules = (
			);
			dependencies = (
				85FCD9DD2868A82600A1ACC7 /* PBXTargetDependency */,
			);
			name = AlbumProjectTests;
			productName = AlbumProjectTests;
			productReference = 85FCD9DB2868A82600A1ACC7 /* AlbumProjectTests.xctest */;
			productType = "com.apple.product-type.bundle.unit-test";
		};
		85FCD9E42868A82600A1ACC7 /* AlbumProjectUITests */ = {
			isa = PBXNativeTarget;
			buildConfigurationList = 85FCD9F52868A82600A1ACC7 /* Build configuration list for PBXNativeTarget "AlbumProjectUITests" */;
			buildPhases = (
				85FCD9E12868A82600A1ACC7 /* Sources */,
				85FCD9E22868A82600A1ACC7 /* Frameworks */,
				85FCD9E32868A82600A1ACC7 /* Resources */,
			);
			buildRules = (
			);
			dependencies = (
				85FCD9E72868A82600A1ACC7 /* PBXTargetDependency */,
			);
			name = AlbumProjectUITests;
			productName = AlbumProjectUITests;
			productReference = 85FCD9E52868A82600A1ACC7 /* AlbumProjectUITests.xctest */;
			productType = "com.apple.product-type.bundle.ui-testing";
		};
/* End PBXNativeTarget section */

/* Begin PBXProject section */
		85FCD9BA2868A82400A1ACC7 /* Project object */ = {
			isa = PBXProject;
			attributes = {
				BuildIndependentTargetsInParallel = 1;
				LastSwiftUpdateCheck = 1320;
				LastUpgradeCheck = 1320;
				TargetAttributes = {
					85FCD9C12868A82400A1ACC7 = {
						CreatedOnToolsVersion = 13.2.1;
					};
					85FCD9DA2868A82600A1ACC7 = {
						CreatedOnToolsVersion = 13.2.1;
						TestTargetID = 85FCD9C12868A82400A1ACC7;
					};
					85FCD9E42868A82600A1ACC7 = {
						CreatedOnToolsVersion = 13.2.1;
						TestTargetID = 85FCD9C12868A82400A1ACC7;
					};
				};
			};
			buildConfigurationList = 85FCD9BD2868A82400A1ACC7 /* Build configuration list for PBXProject "AlbumProject" */;
			compatibilityVersion = "Xcode 13.0";
			developmentRegion = en;
			hasScannedForEncodings = 0;
			knownRegions = (
				en,
				Base,
			);
			mainGroup = 85FCD9B92868A82400A1ACC7;
			productRefGroup = 85FCD9C32868A82400A1ACC7 /* Products */;
			projectDirPath = "";
			projectRoot = "";
			targets = (
				85FCD9C12868A82400A1ACC7 /* AlbumProject */,
				85FCD9DA2868A82600A1ACC7 /* AlbumProjectTests */,
				85FCD9E42868A82600A1ACC7 /* AlbumProjectUITests */,
			);
		};
/* End PBXProject section */

/* Begin PBXResourcesBuildPhase section */
		85FCD9C02868A82400A1ACC7 /* Resources */ = {
			isa = PBXResourcesBuildPhase;
			buildActionMask = 2147483647;
			files = (
				85FCD9D52868A82600A1ACC7 /* LaunchScreen.storyboard in Resources */,
				85FCD9D22868A82600A1ACC7 /* Assets.xcassets in Resources */,
			);
			runOnlyForDeploymentPostprocessing = 0;
		};
		85FCD9D92868A82600A1ACC7 /* Resources */ = {
			isa = PBXResourcesBuildPhase;
			buildActionMask = 2147483647;
			files = (
			);
			runOnlyForDeploymentPostprocessing = 0;
		};
		85FCD9E32868A82600A1ACC7 /* Resources */ = {
			isa = PBXResourcesBuildPhase;
			buildActionMask = 2147483647;
			files = (
			);
			runOnlyForDeploymentPostprocessing = 0;
		};
/* End PBXResourcesBuildPhase section */

/* Begin PBXSourcesBuildPhase section */
		85FCD9BE2868A82400A1ACC7 /* Sources */ = {
			isa = PBXSourcesBuildPhase;
			buildActionMask = 2147483647;
			files = (
				85FCD9FD2868BD7900A1ACC7 /* UIStackViewExtensions.swift in Sources */,
				85FCD9CA2868A82400A1ACC7 /* AuthViewController.swift in Sources */,
				85FCD9D02868A82400A1ACC7 /* AlbumProject.xcdatamodeld in Sources */,
				85FCD9C62868A82400A1ACC7 /* AppDelegate.swift in Sources */,
				85FCDA052872C23F00A1ACC7 /* DetailAlbumViewController.swift in Sources */,
				85FCDA032872BD9600A1ACC7 /* UIViewControllerExtension.swift in Sources */,
				85FCD9FF2868CDA100A1ACC7 /* SingUpViewController.swift in Sources */,
				85FCDA072872C25900A1ACC7 /* UserInfoViewController.swift in Sources */,
				85FCD9C82868A82400A1ACC7 /* SceneDelegate.swift in Sources */,
				85FCDA0B2872C2BD00A1ACC7 /* SongsCollectionViewController.swift in Sources */,
				85FCDA092872C28300A1ACC7 /* AlbumsTableViewCell.swift in Sources */,
				85FCDA012871C13700A1ACC7 /* AlbumViewController.swift in Sources */,
			);
			runOnlyForDeploymentPostprocessing = 0;
		};
		85FCD9D72868A82600A1ACC7 /* Sources */ = {
			isa = PBXSourcesBuildPhase;
			buildActionMask = 2147483647;
			files = (
				85FCD9E02868A82600A1ACC7 /* AlbumProjectTests.swift in Sources */,
			);
			runOnlyForDeploymentPostprocessing = 0;
		};
		85FCD9E12868A82600A1ACC7 /* Sources */ = {
			isa = PBXSourcesBuildPhase;
			buildActionMask = 2147483647;
			files = (
				85FCD9EC2868A82600A1ACC7 /* AlbumProjectUITestsLaunchTests.swift in Sources */,
				85FCD9EA2868A82600A1ACC7 /* AlbumProjectUITests.swift in Sources */,
			);
			runOnlyForDeploymentPostprocessing = 0;
		};
/* End PBXSourcesBuildPhase section */

/* Begin PBXTargetDependency section */
		85FCD9DD2868A82600A1ACC7 /* PBXTargetDependency */ = {
			isa = PBXTargetDependency;
			target = 85FCD9C12868A82400A1ACC7 /* AlbumProject */;
			targetProxy = 85FCD9DC2868A82600A1ACC7 /* PBXContainerItemProxy */;
		};
		85FCD9E72868A82600A1ACC7 /* PBXTargetDependency */ = {
			isa = PBXTargetDependency;
			target = 85FCD9C12868A82400A1ACC7 /* AlbumProject */;
			targetProxy = 85FCD9E62868A82600A1ACC7 /* PBXContainerItemProxy */;
		};
/* End PBXTargetDependency section */

/* Begin PBXVariantGroup section */
		85FCD9D32868A82600A1ACC7 /* LaunchScreen.storyboard */ = {
			isa = PBXVariantGroup;
			children = (
				85FCD9D42868A82600A1ACC7 /* Base */,
			);
			name = LaunchScreen.storyboard;
			sourceTree = "<group>";
		};
/* End PBXVariantGroup section */

/* Begin XCBuildConfiguration section */
		85FCD9ED2868A82600A1ACC7 /* Debug */ = {
			isa = XCBuildConfiguration;
			buildSettings = {
				ALWAYS_SEARCH_USER_PATHS = NO;
				CLANG_ANALYZER_NONNULL = YES;
				CLANG_ANALYZER_NUMBER_OBJECT_CONVERSION = YES_AGGRESSIVE;
				CLANG_CXX_LANGUAGE_STANDARD = "gnu++17";
				CLANG_CXX_LIBRARY = "libc++";
				CLANG_ENABLE_MODULES = YES;
				CLANG_ENABLE_OBJC_ARC = YES;
				CLANG_ENABLE_OBJC_WEAK = YES;
				CLANG_WARN_BLOCK_CAPTURE_AUTORELEASING = YES;
				CLANG_WARN_BOOL_CONVERSION = YES;
				CLANG_WARN_COMMA = YES;
				CLANG_WARN_CONSTANT_CONVERSION = YES;
				CLANG_WARN_DEPRECATED_OBJC_IMPLEMENTATIONS = YES;
				CLANG_WARN_DIRECT_OBJC_ISA_USAGE = YES_ERROR;
				CLANG_WARN_DOCUMENTATION_COMMENTS = YES;
				CLANG_WARN_EMPTY_BODY = YES;
				CLANG_WARN_ENUM_CONVERSION = YES;
				CLANG_WARN_INFINITE_RECURSION = YES;
				CLANG_WARN_INT_CONVERSION = YES;
				CLANG_WARN_NON_LITERAL_NULL_CONVERSION = YES;
				CLANG_WARN_OBJC_IMPLICIT_RETAIN_SELF = YES;
				CLANG_WARN_OBJC_LITERAL_CONVERSION = YES;
				CLANG_WARN_OBJC_ROOT_CLASS = YES_ERROR;
				CLANG_WARN_QUOTED_INCLUDE_IN_FRAMEWORK_HEADER = YES;
				CLANG_WARN_RANGE_LOOP_ANALYSIS = YES;
				CLANG_WARN_STRICT_PROTOTYPES = YES;
				CLANG_WARN_SUSPICIOUS_MOVE = YES;
				CLANG_WARN_UNGUARDED_AVAILABILITY = YES_AGGRESSIVE;
				CLANG_WARN_UNREACHABLE_CODE = YES;
				CLANG_WARN__DUPLICATE_METHOD_MATCH = YES;
				COPY_PHASE_STRIP = NO;
				DEBUG_INFORMATION_FORMAT = dwarf;
				ENABLE_STRICT_OBJC_MSGSEND = YES;
				ENABLE_TESTABILITY = YES;
				GCC_C_LANGUAGE_STANDARD = gnu11;
				GCC_DYNAMIC_NO_PIC = NO;
				GCC_NO_COMMON_BLOCKS = YES;
				GCC_OPTIMIZATION_LEVEL = 0;
				GCC_PREPROCESSOR_DEFINITIONS = (
					"DEBUG=1",
					"$(inherited)",
				);
				GCC_WARN_64_TO_32_BIT_CONVERSION = YES;
				GCC_WARN_ABOUT_RETURN_TYPE = YES_ERROR;
				GCC_WARN_UNDECLARED_SELECTOR = YES;
				GCC_WARN_UNINITIALIZED_AUTOS = YES_AGGRESSIVE;
				GCC_WARN_UNUSED_FUNCTION = YES;
				GCC_WARN_UNUSED_VARIABLE = YES;
				IPHONEOS_DEPLOYMENT_TARGET = 15.2;
				MTL_ENABLE_DEBUG_INFO = INCLUDE_SOURCE;
				MTL_FAST_MATH = YES;
				ONLY_ACTIVE_ARCH = YES;
				SDKROOT = iphoneos;
				SWIFT_ACTIVE_COMPILATION_CONDITIONS = DEBUG;
				SWIFT_OPTIMIZATION_LEVEL = "-Onone";
			};
			name = Debug;
		};
		85FCD9EE2868A82600A1ACC7 /* Release */ = {
			isa = XCBuildConfiguration;
			buildSettings = {
				ALWAYS_SEARCH_USER_PATHS = NO;
				CLANG_ANALYZER_NONNULL = YES;
				CLANG_ANALYZER_NUMBER_OBJECT_CONVERSION = YES_AGGRESSIVE;
				CLANG_CXX_LANGUAGE_STANDARD = "gnu++17";
				CLANG_CXX_LIBRARY = "libc++";
				CLANG_ENABLE_MODULES = YES;
				CLANG_ENABLE_OBJC_ARC = YES;
				CLANG_ENABLE_OBJC_WEAK = YES;
				CLANG_WARN_BLOCK_CAPTURE_AUTORELEASING = YES;
				CLANG_WARN_BOOL_CONVERSION = YES;
				CLANG_WARN_COMMA = YES;
				CLANG_WARN_CONSTANT_CONVERSION = YES;
				CLANG_WARN_DEPRECATED_OBJC_IMPLEMENTATIONS = YES;
				CLANG_WARN_DIRECT_OBJC_ISA_USAGE = YES_ERROR;
				CLANG_WARN_DOCUMENTATION_COMMENTS = YES;
				CLANG_WARN_EMPTY_BODY = YES;
				CLANG_WARN_ENUM_CONVERSION = YES;
				CLANG_WARN_INFINITE_RECURSION = YES;
				CLANG_WARN_INT_CONVERSION = YES;
				CLANG_WARN_NON_LITERAL_NULL_CONVERSION = YES;
				CLANG_WARN_OBJC_IMPLICIT_RETAIN_SELF = YES;
				CLANG_WARN_OBJC_LITERAL_CONVERSION = YES;
				CLANG_WARN_OBJC_ROOT_CLASS = YES_ERROR;
				CLANG_WARN_QUOTED_INCLUDE_IN_FRAMEWORK_HEADER = YES;
				CLANG_WARN_RANGE_LOOP_ANALYSIS = YES;
				CLANG_WARN_STRICT_PROTOTYPES = YES;
				CLANG_WARN_SUSPICIOUS_MOVE = YES;
				CLANG_WARN_UNGUARDED_AVAILABILITY = YES_AGGRESSIVE;
				CLANG_WARN_UNREACHABLE_CODE = YES;
				CLANG_WARN__DUPLICATE_METHOD_MATCH = YES;
				COPY_PHASE_STRIP = NO;
				DEBUG_INFORMATION_FORMAT = "dwarf-with-dsym";
				ENABLE_NS_ASSERTIONS = NO;
				ENABLE_STRICT_OBJC_MSGSEND = YES;
				GCC_C_LANGUAGE_STANDARD = gnu11;
				GCC_NO_COMMON_BLOCKS = YES;
				GCC_WARN_64_TO_32_BIT_CONVERSION = YES;
				GCC_WARN_ABOUT_RETURN_TYPE = YES_ERROR;
				GCC_WARN_UNDECLARED_SELECTOR = YES;
				GCC_WARN_UNINITIALIZED_AUTOS = YES_AGGRESSIVE;
				GCC_WARN_UNUSED_FUNCTION = YES;
				GCC_WARN_UNUSED_VARIABLE = YES;
				IPHONEOS_DEPLOYMENT_TARGET = 15.2;
				MTL_ENABLE_DEBUG_INFO = NO;
				MTL_FAST_MATH = YES;
				SDKROOT = iphoneos;
				SWIFT_COMPILATION_MODE = wholemodule;
				SWIFT_OPTIMIZATION_LEVEL = "-O";
				VALIDATE_PRODUCT = YES;
			};
			name = Release;
		};
		85FCD9F02868A82600A1ACC7 /* Debug */ = {
			isa = XCBuildConfiguration;
			buildSettings = {
				ASSETCATALOG_COMPILER_APPICON_NAME = AppIcon;
				ASSETCATALOG_COMPILER_GLOBAL_ACCENT_COLOR_NAME = AccentColor;
				CODE_SIGN_STYLE = Automatic;
				CURRENT_PROJECT_VERSION = 1;
				DEVELOPMENT_TEAM = 9YCHZYVS3V;
				GENERATE_INFOPLIST_FILE = YES;
				INFOPLIST_FILE = AlbumProject/Info.plist;
				INFOPLIST_KEY_UIApplicationSupportsIndirectInputEvents = YES;
				INFOPLIST_KEY_UILaunchStoryboardName = LaunchScreen;
				INFOPLIST_KEY_UISupportedInterfaceOrientations_iPad = "UIInterfaceOrientationPortrait UIInterfaceOrientationPortraitUpsideDown UIInterfaceOrientationLandscapeLeft UIInterfaceOrientationLandscapeRight";
				INFOPLIST_KEY_UISupportedInterfaceOrientations_iPhone = "UIInterfaceOrientationPortrait UIInterfaceOrientationLandscapeLeft UIInterfaceOrientationLandscapeRight";
				LD_RUNPATH_SEARCH_PATHS = (
					"$(inherited)",
					"@executable_path/Frameworks",
				);
				MARKETING_VERSION = 1.0;
				PRODUCT_BUNDLE_IDENTIFIER = sartyushin.AlbumProject;
				PRODUCT_NAME = "$(TARGET_NAME)";
				SWIFT_EMIT_LOC_STRINGS = YES;
				SWIFT_VERSION = 5.0;
				TARGETED_DEVICE_FAMILY = "1,2";
			};
			name = Debug;
		};
		85FCD9F12868A82600A1ACC7 /* Release */ = {
			isa = XCBuildConfiguration;
			buildSettings = {
				ASSETCATALOG_COMPILER_APPICON_NAME = AppIcon;
				ASSETCATALOG_COMPILER_GLOBAL_ACCENT_COLOR_NAME = AccentColor;
				CODE_SIGN_STYLE = Automatic;
				CURRENT_PROJECT_VERSION = 1;
				DEVELOPMENT_TEAM = 9YCHZYVS3V;
				GENERATE_INFOPLIST_FILE = YES;
				INFOPLIST_FILE = AlbumProject/Info.plist;
				INFOPLIST_KEY_UIApplicationSupportsIndirectInputEvents = YES;
				INFOPLIST_KEY_UILaunchStoryboardName = LaunchScreen;
				INFOPLIST_KEY_UISupportedInterfaceOrientations_iPad = "UIInterfaceOrientationPortrait UIInterfaceOrientationPortraitUpsideDown UIInterfaceOrientationLandscapeLeft UIInterfaceOrientationLandscapeRight";
				INFOPLIST_KEY_UISupportedInterfaceOrientations_iPhone = "UIInterfaceOrientationPortrait UIInterfaceOrientationLandscapeLeft UIInterfaceOrientationLandscapeRight";
				LD_RUNPATH_SEARCH_PATHS = (
					"$(inherited)",
					"@executable_path/Frameworks",
				);
				MARKETING_VERSION = 1.0;
				PRODUCT_BUNDLE_IDENTIFIER = sartyushin.AlbumProject;
				PRODUCT_NAME = "$(TARGET_NAME)";
				SWIFT_EMIT_LOC_STRINGS = YES;
				SWIFT_VERSION = 5.0;
				TARGETED_DEVICE_FAMILY = "1,2";
			};
			name = Release;
		};
		85FCD9F32868A82600A1ACC7 /* Debug */ = {
			isa = XCBuildConfiguration;
			buildSettings = {
				ALWAYS_EMBED_SWIFT_STANDARD_LIBRARIES = YES;
				BUNDLE_LOADER = "$(TEST_HOST)";
				CODE_SIGN_STYLE = Automatic;
				CURRENT_PROJECT_VERSION = 1;
				DEVELOPMENT_TEAM = 9YCHZYVS3V;
				GENERATE_INFOPLIST_FILE = YES;
				IPHONEOS_DEPLOYMENT_TARGET = 15.2;
				MARKETING_VERSION = 1.0;
				PRODUCT_BUNDLE_IDENTIFIER = sartyushin.AlbumProjectTests;
				PRODUCT_NAME = "$(TARGET_NAME)";
				SWIFT_EMIT_LOC_STRINGS = NO;
				SWIFT_VERSION = 5.0;
				TARGETED_DEVICE_FAMILY = "1,2";
				TEST_HOST = "$(BUILT_PRODUCTS_DIR)/AlbumProject.app/AlbumProject";
			};
			name = Debug;
		};
		85FCD9F42868A82600A1ACC7 /* Release */ = {
			isa = XCBuildConfiguration;
			buildSettings = {
				ALWAYS_EMBED_SWIFT_STANDARD_LIBRARIES = YES;
				BUNDLE_LOADER = "$(TEST_HOST)";
				CODE_SIGN_STYLE = Automatic;
				CURRENT_PROJECT_VERSION = 1;
				DEVELOPMENT_TEAM = 9YCHZYVS3V;
				GENERATE_INFOPLIST_FILE = YES;
				IPHONEOS_DEPLOYMENT_TARGET = 15.2;
				MARKETING_VERSION = 1.0;
				PRODUCT_BUNDLE_IDENTIFIER = sartyushin.AlbumProjectTests;
				PRODUCT_NAME = "$(TARGET_NAME)";
				SWIFT_EMIT_LOC_STRINGS = NO;
				SWIFT_VERSION = 5.0;
				TARGETED_DEVICE_FAMILY = "1,2";
				TEST_HOST = "$(BUILT_PRODUCTS_DIR)/AlbumProject.app/AlbumProject";
			};
			name = Release;
		};
		85FCD9F62868A82600A1ACC7 /* Debug */ = {
			isa = XCBuildConfiguration;
			buildSettings = {
				ALWAYS_EMBED_SWIFT_STANDARD_LIBRARIES = YES;
				CODE_SIGN_STYLE = Automatic;
				CURRENT_PROJECT_VERSION = 1;
				DEVELOPMENT_TEAM = 9YCHZYVS3V;
				GENERATE_INFOPLIST_FILE = YES;
				MARKETING_VERSION = 1.0;
				PRODUCT_BUNDLE_IDENTIFIER = sartyushin.AlbumProjectUITests;
				PRODUCT_NAME = "$(TARGET_NAME)";
				SWIFT_EMIT_LOC_STRINGS = NO;
				SWIFT_VERSION = 5.0;
				TARGETED_DEVICE_FAMILY = "1,2";
				TEST_TARGET_NAME = AlbumProject;
			};
			name = Debug;
		};
		85FCD9F72868A82600A1ACC7 /* Release */ = {
			isa = XCBuildConfiguration;
			buildSettings = {
				ALWAYS_EMBED_SWIFT_STANDARD_LIBRARIES = YES;
				CODE_SIGN_STYLE = Automatic;
				CURRENT_PROJECT_VERSION = 1;
				DEVELOPMENT_TEAM = 9YCHZYVS3V;
				GENERATE_INFOPLIST_FILE = YES;
				MARKETING_VERSION = 1.0;
				PRODUCT_BUNDLE_IDENTIFIER = sartyushin.AlbumProjectUITests;
				PRODUCT_NAME = "$(TARGET_NAME)";
				SWIFT_EMIT_LOC_STRINGS = NO;
				SWIFT_VERSION = 5.0;
				TARGETED_DEVICE_FAMILY = "1,2";
				TEST_TARGET_NAME = AlbumProject;
			};
			name = Release;
		};
/* End XCBuildConfiguration section */

/* Begin XCConfigurationList section */
		85FCD9BD2868A82400A1ACC7 /* Build configuration list for PBXProject "AlbumProject" */ = {
			isa = XCConfigurationList;
			buildConfigurations = (
				85FCD9ED2868A82600A1ACC7 /* Debug */,
				85FCD9EE2868A82600A1ACC7 /* Release */,
			);
			defaultConfigurationIsVisible = 0;
			defaultConfigurationName = Release;
		};
		85FCD9EF2868A82600A1ACC7 /* Build configuration list for PBXNativeTarget "AlbumProject" */ = {
			isa = XCConfigurationList;
			buildConfigurations = (
				85FCD9F02868A82600A1ACC7 /* Debug */,
				85FCD9F12868A82600A1ACC7 /* Release */,
			);
			defaultConfigurationIsVisible = 0;
			defaultConfigurationName = Release;
		};
		85FCD9F22868A82600A1ACC7 /* Build configuration list for PBXNativeTarget "AlbumProjectTests" */ = {
			isa = XCConfigurationList;
			buildConfigurations = (
				85FCD9F32868A82600A1ACC7 /* Debug */,
				85FCD9F42868A82600A1ACC7 /* Release */,
			);
			defaultConfigurationIsVisible = 0;
			defaultConfigurationName = Release;
		};
		85FCD9F52868A82600A1ACC7 /* Build configuration list for PBXNativeTarget "AlbumProjectUITests" */ = {
			isa = XCConfigurationList;
			buildConfigurations = (
				85FCD9F62868A82600A1ACC7 /* Debug */,
				85FCD9F72868A82600A1ACC7 /* Release */,
			);
			defaultConfigurationIsVisible = 0;
			defaultConfigurationName = Release;
		};
/* End XCConfigurationList section */

/* Begin XCVersionGroup section */
		85FCD9CE2868A82400A1ACC7 /* AlbumProject.xcdatamodeld */ = {
			isa = XCVersionGroup;
			children = (
				85FCD9CF2868A82400A1ACC7 /* AlbumProject.xcdatamodel */,
			);
			currentVersion = 85FCD9CF2868A82400A1ACC7 /* AlbumProject.xcdatamodel */;
			path = AlbumProject.xcdatamodeld;
			sourceTree = "<group>";
			versionGroupType = wrapper.xcdatamodel;
		};
/* End XCVersionGroup section */
	};
	rootObject = 85FCD9BA2868A82400A1ACC7 /* Project object */;
}
