// !$*UTF8*$!
{
	archiveVersion = 1;
	classes = {
	};
	objectVersion = 55;
	objects = {

/* Begin PBXBuildFile section */
		8528B745289A522F00E32080 /* AppDelegate.swift in Sources */ = {isa = PBXBuildFile; fileRef = 8528B744289A522F00E32080 /* AppDelegate.swift */; };
		8528B747289A522F00E32080 /* SceneDelegate.swift in Sources */ = {isa = PBXBuildFile; fileRef = 8528B746289A522F00E32080 /* SceneDelegate.swift */; };
		8528B749289A522F00E32080 /* ViewController.swift in Sources */ = {isa = PBXBuildFile; fileRef = 8528B748289A522F00E32080 /* ViewController.swift */; };
		8528B74C289A522F00E32080 /* Main.storyboard in Resources */ = {isa = PBXBuildFile; fileRef = 8528B74A289A522F00E32080 /* Main.storyboard */; };
		8528B74E289A523100E32080 /* Assets.xcassets in Resources */ = {isa = PBXBuildFile; fileRef = 8528B74D289A523100E32080 /* Assets.xcassets */; };
		8528B751289A523200E32080 /* LaunchScreen.storyboard in Resources */ = {isa = PBXBuildFile; fileRef = 8528B74F289A523200E32080 /* LaunchScreen.storyboard */; };
		8528B75C289A529600E32080 /* User.swift in Sources */ = {isa = PBXBuildFile; fileRef = 8528B75B289A529600E32080 /* User.swift */; };
		8528B75E289A531000E32080 /* ViewModel.swift in Sources */ = {isa = PBXBuildFile; fileRef = 8528B75D289A531000E32080 /* ViewModel.swift */; };
		8528B761289A536400E32080 /* Dynamic.swift in Sources */ = {isa = PBXBuildFile; fileRef = 8528B760289A536400E32080 /* Dynamic.swift */; };
/* End PBXBuildFile section */

/* Begin PBXFileReference section */
		8528B741289A522F00E32080 /* MVVMsimple.app */ = {isa = PBXFileReference; explicitFileType = wrapper.application; includeInIndex = 0; path = MVVMsimple.app; sourceTree = BUILT_PRODUCTS_DIR; };
		8528B744289A522F00E32080 /* AppDelegate.swift */ = {isa = PBXFileReference; lastKnownFileType = sourcecode.swift; path = AppDelegate.swift; sourceTree = "<group>"; };
		8528B746289A522F00E32080 /* SceneDelegate.swift */ = {isa = PBXFileReference; lastKnownFileType = sourcecode.swift; path = SceneDelegate.swift; sourceTree = "<group>"; };
		8528B748289A522F00E32080 /* ViewController.swift */ = {isa = PBXFileReference; lastKnownFileType = sourcecode.swift; path = ViewController.swift; sourceTree = "<group>"; };
		8528B74B289A522F00E32080 /* Base */ = {isa = PBXFileReference; lastKnownFileType = file.storyboard; name = Base; path = Base.lproj/Main.storyboard; sourceTree = "<group>"; };
		8528B74D289A523100E32080 /* Assets.xcassets */ = {isa = PBXFileReference; lastKnownFileType = folder.assetcatalog; path = Assets.xcassets; sourceTree = "<group>"; };
		8528B750289A523200E32080 /* Base */ = {isa = PBXFileReference; lastKnownFileType = file.storyboard; name = Base; path = Base.lproj/LaunchScreen.storyboard; sourceTree = "<group>"; };
		8528B752289A523200E32080 /* Info.plist */ = {isa = PBXFileReference; lastKnownFileType = text.plist.xml; path = Info.plist; sourceTree = "<group>"; };
		8528B75B289A529600E32080 /* User.swift */ = {isa = PBXFileReference; lastKnownFileType = sourcecode.swift; path = User.swift; sourceTree = "<group>"; };
		8528B75D289A531000E32080 /* ViewModel.swift */ = {isa = PBXFileReference; lastKnownFileType = sourcecode.swift; path = ViewModel.swift; sourceTree = "<group>"; };
		8528B760289A536400E32080 /* Dynamic.swift */ = {isa = PBXFileReference; lastKnownFileType = sourcecode.swift; path = Dynamic.swift; sourceTree = "<group>"; };
/* End PBXFileReference section */

/* Begin PBXFrameworksBuildPhase section */
		8528B73E289A522F00E32080 /* Frameworks */ = {
			isa = PBXFrameworksBuildPhase;
			buildActionMask = 2147483647;
			files = (
			);
			runOnlyForDeploymentPostprocessing = 0;
		};
/* End PBXFrameworksBuildPhase section */

/* Begin PBXGroup section */
		8528B738289A522F00E32080 = {
			isa = PBXGroup;
			children = (
				8528B743289A522F00E32080 /* MVVMsimple */,
				8528B742289A522F00E32080 /* Products */,
			);
			sourceTree = "<group>";
		};
		8528B742289A522F00E32080 /* Products */ = {
			isa = PBXGroup;
			children = (
				8528B741289A522F00E32080 /* MVVMsimple.app */,
			);
			name = Products;
			sourceTree = "<group>";
		};
		8528B743289A522F00E32080 /* MVVMsimple */ = {
			isa = PBXGroup;
			children = (
				8528B75A289A524800E32080 /* ViewModels */,
				8528B759289A524300E32080 /* Views */,
				8528B758289A523C00E32080 /* Models */,
				8528B744289A522F00E32080 /* AppDelegate.swift */,
				8528B746289A522F00E32080 /* SceneDelegate.swift */,
				8528B74A289A522F00E32080 /* Main.storyboard */,
				8528B74D289A523100E32080 /* Assets.xcassets */,
				8528B752289A523200E32080 /* Info.plist */,
			);
			path = MVVMsimple;
			sourceTree = "<group>";
		};
		8528B758289A523C00E32080 /* Models */ = {
			isa = PBXGroup;
			children = (
				8528B75B289A529600E32080 /* User.swift */,
			);
			path = Models;
			sourceTree = "<group>";
		};
		8528B759289A524300E32080 /* Views */ = {
			isa = PBXGroup;
			children = (
				8528B748289A522F00E32080 /* ViewController.swift */,
				8528B74F289A523200E32080 /* LaunchScreen.storyboard */,
			);
			path = Views;
			sourceTree = "<group>";
		};
		8528B75A289A524800E32080 /* ViewModels */ = {
			isa = PBXGroup;
			children = (
				8528B75F289A535100E32080 /* Bindings */,
				8528B75D289A531000E32080 /* ViewModel.swift */,
			);
			path = ViewModels;
			sourceTree = "<group>";
		};
		8528B75F289A535100E32080 /* Bindings */ = {
			isa = PBXGroup;
			children = (
				8528B760289A536400E32080 /* Dynamic.swift */,
			);
			path = Bindings;
			sourceTree = "<group>";
		};
/* End PBXGroup section */

/* Begin PBXNativeTarget section */
		8528B740289A522F00E32080 /* MVVMsimple */ = {
			isa = PBXNativeTarget;
			buildConfigurationList = 8528B755289A523200E32080 /* Build configuration list for PBXNativeTarget "MVVMsimple" */;
			buildPhases = (
				8528B73D289A522F00E32080 /* Sources */,
				8528B73E289A522F00E32080 /* Frameworks */,
				8528B73F289A522F00E32080 /* Resources */,
			);
			buildRules = (
			);
			dependencies = (
			);
			name = MVVMsimple;
			productName = MVVMsimple;
			productReference = 8528B741289A522F00E32080 /* MVVMsimple.app */;
			productType = "com.apple.product-type.application";
		};
/* End PBXNativeTarget section */

/* Begin PBXProject section */
		8528B739289A522F00E32080 /* Project object */ = {
			isa = PBXProject;
			attributes = {
				BuildIndependentTargetsInParallel = 1;
				LastSwiftUpdateCheck = 1320;
				LastUpgradeCheck = 1320;
				TargetAttributes = {
					8528B740289A522F00E32080 = {
						CreatedOnToolsVersion = 13.2.1;
					};
				};
			};
			buildConfigurationList = 8528B73C289A522F00E32080 /* Build configuration list for PBXProject "MVVMsimple" */;
			compatibilityVersion = "Xcode 13.0";
			developmentRegion = en;
			hasScannedForEncodings = 0;
			knownRegions = (
				en,
				Base,
			);
			mainGroup = 8528B738289A522F00E32080;
			productRefGroup = 8528B742289A522F00E32080 /* Products */;
			projectDirPath = "";
			projectRoot = "";
			targets = (
				8528B740289A522F00E32080 /* MVVMsimple */,
			);
		};
/* End PBXProject section */

/* Begin PBXResourcesBuildPhase section */
		8528B73F289A522F00E32080 /* Resources */ = {
			isa = PBXResourcesBuildPhase;
			buildActionMask = 2147483647;
			files = (
				8528B751289A523200E32080 /* LaunchScreen.storyboard in Resources */,
				8528B74E289A523100E32080 /* Assets.xcassets in Resources */,
				8528B74C289A522F00E32080 /* Main.storyboard in Resources */,
			);
			runOnlyForDeploymentPostprocessing = 0;
		};
/* End PBXResourcesBuildPhase section */

/* Begin PBXSourcesBuildPhase section */
		8528B73D289A522F00E32080 /* Sources */ = {
			isa = PBXSourcesBuildPhase;
			buildActionMask = 2147483647;
			files = (
				8528B75E289A531000E32080 /* ViewModel.swift in Sources */,
				8528B75C289A529600E32080 /* User.swift in Sources */,
				8528B749289A522F00E32080 /* ViewController.swift in Sources */,
				8528B745289A522F00E32080 /* AppDelegate.swift in Sources */,
				8528B747289A522F00E32080 /* SceneDelegate.swift in Sources */,
				8528B761289A536400E32080 /* Dynamic.swift in Sources */,
			);
			runOnlyForDeploymentPostprocessing = 0;
		};
/* End PBXSourcesBuildPhase section */

/* Begin PBXVariantGroup section */
		8528B74A289A522F00E32080 /* Main.storyboard */ = {
			isa = PBXVariantGroup;
			children = (
				8528B74B289A522F00E32080 /* Base */,
			);
			name = Main.storyboard;
			sourceTree = "<group>";
		};
		8528B74F289A523200E32080 /* LaunchScreen.storyboard */ = {
			isa = PBXVariantGroup;
			children = (
				8528B750289A523200E32080 /* Base */,
			);
			name = LaunchScreen.storyboard;
			sourceTree = "<group>";
		};
/* End PBXVariantGroup section */

/* Begin XCBuildConfiguration section */
		8528B753289A523200E32080 /* Debug */ = {
			isa = XCBuildConfiguration;
			buildSettings = {
				ALWAYS_SEARCH_USER_PATHS = NO;
				CLANG_ANALYZER_NONNULL = YES;
				CLANG_ANALYZER_NUMBER_OBJECT_CONVERSION = YES_AGGRESSIVE;
				CLANG_CXX_LANGUAGE_STANDARD = "gnu++17";
				CLANG_CXX_LIBRARY = "libc++";
				CLANG_ENABLE_MODULES = YES;
				CLANG_ENABLE_OBJC_ARC = YES;
				CLANG_ENABLE_OBJC_WEAK = YES;
				CLANG_WARN_BLOCK_CAPTURE_AUTORELEASING = YES;
				CLANG_WARN_BOOL_CONVERSION = YES;
				CLANG_WARN_COMMA = YES;
				CLANG_WARN_CONSTANT_CONVERSION = YES;
				CLANG_WARN_DEPRECATED_OBJC_IMPLEMENTATIONS = YES;
				CLANG_WARN_DIRECT_OBJC_ISA_USAGE = YES_ERROR;
				CLANG_WARN_DOCUMENTATION_COMMENTS = YES;
				CLANG_WARN_EMPTY_BODY = YES;
				CLANG_WARN_ENUM_CONVERSION = YES;
				CLANG_WARN_INFINITE_RECURSION = YES;
				CLANG_WARN_INT_CONVERSION = YES;
				CLANG_WARN_NON_LITERAL_NULL_CONVERSION = YES;
				CLANG_WARN_OBJC_IMPLICIT_RETAIN_SELF = YES;
				CLANG_WARN_OBJC_LITERAL_CONVERSION = YES;
				CLANG_WARN_OBJC_ROOT_CLASS = YES_ERROR;
				CLANG_WARN_QUOTED_INCLUDE_IN_FRAMEWORK_HEADER = YES;
				CLANG_WARN_RANGE_LOOP_ANALYSIS = YES;
				CLANG_WARN_STRICT_PROTOTYPES = YES;
				CLANG_WARN_SUSPICIOUS_MOVE = YES;
				CLANG_WARN_UNGUARDED_AVAILABILITY = YES_AGGRESSIVE;
				CLANG_WARN_UNREACHABLE_CODE = YES;
				CLANG_WARN__DUPLICATE_METHOD_MATCH = YES;
				COPY_PHASE_STRIP = NO;
				DEBUG_INFORMATION_FORMAT = dwarf;
				ENABLE_STRICT_OBJC_MSGSEND = YES;
				ENABLE_TESTABILITY = YES;
				GCC_C_LANGUAGE_STANDARD = gnu11;
				GCC_DYNAMIC_NO_PIC = NO;
				GCC_NO_COMMON_BLOCKS = YES;
				GCC_OPTIMIZATION_LEVEL = 0;
				GCC_PREPROCESSOR_DEFINITIONS = (
					"DEBUG=1",
					"$(inherited)",
				);
				GCC_WARN_64_TO_32_BIT_CONVERSION = YES;
				GCC_WARN_ABOUT_RETURN_TYPE = YES_ERROR;
				GCC_WARN_UNDECLARED_SELECTOR = YES;
				GCC_WARN_UNINITIALIZED_AUTOS = YES_AGGRESSIVE;
				GCC_WARN_UNUSED_FUNCTION = YES;
				GCC_WARN_UNUSED_VARIABLE = YES;
				IPHONEOS_DEPLOYMENT_TARGET = 15.2;
				MTL_ENABLE_DEBUG_INFO = INCLUDE_SOURCE;
				MTL_FAST_MATH = YES;
				ONLY_ACTIVE_ARCH = YES;
				SDKROOT = iphoneos;
				SWIFT_ACTIVE_COMPILATION_CONDITIONS = DEBUG;
				SWIFT_OPTIMIZATION_LEVEL = "-Onone";
			};
			name = Debug;
		};
		8528B754289A523200E32080 /* Release */ = {
			isa = XCBuildConfiguration;
			buildSettings = {
				ALWAYS_SEARCH_USER_PATHS = NO;
				CLANG_ANALYZER_NONNULL = YES;
				CLANG_ANALYZER_NUMBER_OBJECT_CONVERSION = YES_AGGRESSIVE;
				CLANG_CXX_LANGUAGE_STANDARD = "gnu++17";
				CLANG_CXX_LIBRARY = "libc++";
				CLANG_ENABLE_MODULES = YES;
				CLANG_ENABLE_OBJC_ARC = YES;
				CLANG_ENABLE_OBJC_WEAK = YES;
				CLANG_WARN_BLOCK_CAPTURE_AUTORELEASING = YES;
				CLANG_WARN_BOOL_CONVERSION = YES;
				CLANG_WARN_COMMA = YES;
				CLANG_WARN_CONSTANT_CONVERSION = YES;
				CLANG_WARN_DEPRECATED_OBJC_IMPLEMENTATIONS = YES;
				CLANG_WARN_DIRECT_OBJC_ISA_USAGE = YES_ERROR;
				CLANG_WARN_DOCUMENTATION_COMMENTS = YES;
				CLANG_WARN_EMPTY_BODY = YES;
				CLANG_WARN_ENUM_CONVERSION = YES;
				CLANG_WARN_INFINITE_RECURSION = YES;
				CLANG_WARN_INT_CONVERSION = YES;
				CLANG_WARN_NON_LITERAL_NULL_CONVERSION = YES;
				CLANG_WARN_OBJC_IMPLICIT_RETAIN_SELF = YES;
				CLANG_WARN_OBJC_LITERAL_CONVERSION = YES;
				CLANG_WARN_OBJC_ROOT_CLASS = YES_ERROR;
				CLANG_WARN_QUOTED_INCLUDE_IN_FRAMEWORK_HEADER = YES;
				CLANG_WARN_RANGE_LOOP_ANALYSIS = YES;
				CLANG_WARN_STRICT_PROTOTYPES = YES;
				CLANG_WARN_SUSPICIOUS_MOVE = YES;
				CLANG_WARN_UNGUARDED_AVAILABILITY = YES_AGGRESSIVE;
				CLANG_WARN_UNREACHABLE_CODE = YES;
				CLANG_WARN__DUPLICATE_METHOD_MATCH = YES;
				COPY_PHASE_STRIP = NO;
				DEBUG_INFORMATION_FORMAT = "dwarf-with-dsym";
				ENABLE_NS_ASSERTIONS = NO;
				ENABLE_STRICT_OBJC_MSGSEND = YES;
				GCC_C_LANGUAGE_STANDARD = gnu11;
				GCC_NO_COMMON_BLOCKS = YES;
				GCC_WARN_64_TO_32_BIT_CONVERSION = YES;
				GCC_WARN_ABOUT_RETURN_TYPE = YES_ERROR;
				GCC_WARN_UNDECLARED_SELECTOR = YES;
				GCC_WARN_UNINITIALIZED_AUTOS = YES_AGGRESSIVE;
				GCC_WARN_UNUSED_FUNCTION = YES;
				GCC_WARN_UNUSED_VARIABLE = YES;
				IPHONEOS_DEPLOYMENT_TARGET = 15.2;
				MTL_ENABLE_DEBUG_INFO = NO;
				MTL_FAST_MATH = YES;
				SDKROOT = iphoneos;
				SWIFT_COMPILATION_MODE = wholemodule;
				SWIFT_OPTIMIZATION_LEVEL = "-O";
				VALIDATE_PRODUCT = YES;
			};
			name = Release;
		};
		8528B756289A523200E32080 /* Debug */ = {
			isa = XCBuildConfiguration;
			buildSettings = {
				ASSETCATALOG_COMPILER_APPICON_NAME = AppIcon;
				ASSETCATALOG_COMPILER_GLOBAL_ACCENT_COLOR_NAME = AccentColor;
				CODE_SIGN_STYLE = Automatic;
				CURRENT_PROJECT_VERSION = 1;
				DEVELOPMENT_TEAM = 9YCHZYVS3V;
				GENERATE_INFOPLIST_FILE = YES;
				INFOPLIST_FILE = MVVMsimple/Info.plist;
				INFOPLIST_KEY_UIApplicationSupportsIndirectInputEvents = YES;
				INFOPLIST_KEY_UILaunchStoryboardName = LaunchScreen;
				INFOPLIST_KEY_UIMainStoryboardFile = Main;
				INFOPLIST_KEY_UISupportedInterfaceOrientations_iPad = "UIInterfaceOrientationPortrait UIInterfaceOrientationPortraitUpsideDown UIInterfaceOrientationLandscapeLeft UIInterfaceOrientationLandscapeRight";
				INFOPLIST_KEY_UISupportedInterfaceOrientations_iPhone = "UIInterfaceOrientationPortrait UIInterfaceOrientationLandscapeLeft UIInterfaceOrientationLandscapeRight";
				LD_RUNPATH_SEARCH_PATHS = (
					"$(inherited)",
					"@executable_path/Frameworks",
				);
				MARKETING_VERSION = 1.0;
				PRODUCT_BUNDLE_IDENTIFIER = sartyushin.MVVMsimple;
				PRODUCT_NAME = "$(TARGET_NAME)";
				SWIFT_EMIT_LOC_STRINGS = YES;
				SWIFT_VERSION = 5.0;
				TARGETED_DEVICE_FAMILY = "1,2";
			};
			name = Debug;
		};
		8528B757289A523200E32080 /* Release */ = {
			isa = XCBuildConfiguration;
			buildSettings = {
				ASSETCATALOG_COMPILER_APPICON_NAME = AppIcon;
				ASSETCATALOG_COMPILER_GLOBAL_ACCENT_COLOR_NAME = AccentColor;
				CODE_SIGN_STYLE = Automatic;
				CURRENT_PROJECT_VERSION = 1;
				DEVELOPMENT_TEAM = 9YCHZYVS3V;
				GENERATE_INFOPLIST_FILE = YES;
				INFOPLIST_FILE = MVVMsimple/Info.plist;
				INFOPLIST_KEY_UIApplicationSupportsIndirectInputEvents = YES;
				INFOPLIST_KEY_UILaunchStoryboardName = LaunchScreen;
				INFOPLIST_KEY_UIMainStoryboardFile = Main;
				INFOPLIST_KEY_UISupportedInterfaceOrientations_iPad = "UIInterfaceOrientationPortrait UIInterfaceOrientationPortraitUpsideDown UIInterfaceOrientationLandscapeLeft UIInterfaceOrientationLandscapeRight";
				INFOPLIST_KEY_UISupportedInterfaceOrientations_iPhone = "UIInterfaceOrientationPortrait UIInterfaceOrientationLandscapeLeft UIInterfaceOrientationLandscapeRight";
				LD_RUNPATH_SEARCH_PATHS = (
					"$(inherited)",
					"@executable_path/Frameworks",
				);
				MARKETING_VERSION = 1.0;
				PRODUCT_BUNDLE_IDENTIFIER = sartyushin.MVVMsimple;
				PRODUCT_NAME = "$(TARGET_NAME)";
				SWIFT_EMIT_LOC_STRINGS = YES;
				SWIFT_VERSION = 5.0;
				TARGETED_DEVICE_FAMILY = "1,2";
			};
			name = Release;
		};
/* End XCBuildConfiguration section */

/* Begin XCConfigurationList section */
		8528B73C289A522F00E32080 /* Build configuration list for PBXProject "MVVMsimple" */ = {
			isa = XCConfigurationList;
			buildConfigurations = (
				8528B753289A523200E32080 /* Debug */,
				8528B754289A523200E32080 /* Release */,
			);
			defaultConfigurationIsVisible = 0;
			defaultConfigurationName = Release;
		};
		8528B755289A523200E32080 /* Build configuration list for PBXNativeTarget "MVVMsimple" */ = {
			isa = XCConfigurationList;
			buildConfigurations = (
				8528B756289A523200E32080 /* Debug */,
				8528B757289A523200E32080 /* Release */,
			);
			defaultConfigurationIsVisible = 0;
			defaultConfigurationName = Release;
		};
/* End XCConfigurationList section */
	};
	rootObject = 8528B739289A522F00E32080 /* Project object */;
}
