// !$*UTF8*$!
{
	archiveVersion = 1;
	classes = {
	};
	objectVersion = 55;
	objects = {

/* Begin PBXBuildFile section */
		858F92AD28473BB80076C595 /* MyCardApp.swift in Sources */ = {isa = PBXBuildFile; fileRef = 858F92AC28473BB80076C595 /* MyCardApp.swift */; };
		858F92AF28473BB80076C595 /* ContentView.swift in Sources */ = {isa = PBXBuildFile; fileRef = 858F92AE28473BB80076C595 /* ContentView.swift */; };
		858F92B128473BB90076C595 /* Assets.xcassets in Resources */ = {isa = PBXBuildFile; fileRef = 858F92B028473BB90076C595 /* Assets.xcassets */; };
		858F92B428473BB90076C595 /* Preview Assets.xcassets in Resources */ = {isa = PBXBuildFile; fileRef = 858F92B328473BB90076C595 /* Preview Assets.xcassets */; };
		858F92BE28473BB90076C595 /* MyCardTests.swift in Sources */ = {isa = PBXBuildFile; fileRef = 858F92BD28473BB90076C595 /* MyCardTests.swift */; };
		858F92C828473BB90076C595 /* MyCardUITests.swift in Sources */ = {isa = PBXBuildFile; fileRef = 858F92C728473BB90076C595 /* MyCardUITests.swift */; };
		858F92CA28473BB90076C595 /* MyCardUITestsLaunchTests.swift in Sources */ = {isa = PBXBuildFile; fileRef = 858F92C928473BB90076C595 /* MyCardUITestsLaunchTests.swift */; };
/* End PBXBuildFile section */

/* Begin PBXContainerItemProxy section */
		858F92BA28473BB90076C595 /* PBXContainerItemProxy */ = {
			isa = PBXContainerItemProxy;
			containerPortal = 858F92A128473BB80076C595 /* Project object */;
			proxyType = 1;
			remoteGlobalIDString = 858F92A828473BB80076C595;
			remoteInfo = MyCard;
		};
		858F92C428473BB90076C595 /* PBXContainerItemProxy */ = {
			isa = PBXContainerItemProxy;
			containerPortal = 858F92A128473BB80076C595 /* Project object */;
			proxyType = 1;
			remoteGlobalIDString = 858F92A828473BB80076C595;
			remoteInfo = MyCard;
		};
/* End PBXContainerItemProxy section */

/* Begin PBXFileReference section */
		858F92A928473BB80076C595 /* MyCard.app */ = {isa = PBXFileReference; explicitFileType = wrapper.application; includeInIndex = 0; path = MyCard.app; sourceTree = BUILT_PRODUCTS_DIR; };
		858F92AC28473BB80076C595 /* MyCardApp.swift */ = {isa = PBXFileReference; lastKnownFileType = sourcecode.swift; path = MyCardApp.swift; sourceTree = "<group>"; };
		858F92AE28473BB80076C595 /* ContentView.swift */ = {isa = PBXFileReference; lastKnownFileType = sourcecode.swift; path = ContentView.swift; sourceTree = "<group>"; };
		858F92B028473BB90076C595 /* Assets.xcassets */ = {isa = PBXFileReference; lastKnownFileType = folder.assetcatalog; path = Assets.xcassets; sourceTree = "<group>"; };
		858F92B328473BB90076C595 /* Preview Assets.xcassets */ = {isa = PBXFileReference; lastKnownFileType = folder.assetcatalog; path = "Preview Assets.xcassets"; sourceTree = "<group>"; };
		858F92B928473BB90076C595 /* MyCardTests.xctest */ = {isa = PBXFileReference; explicitFileType = wrapper.cfbundle; includeInIndex = 0; path = MyCardTests.xctest; sourceTree = BUILT_PRODUCTS_DIR; };
		858F92BD28473BB90076C595 /* MyCardTests.swift */ = {isa = PBXFileReference; lastKnownFileType = sourcecode.swift; path = MyCardTests.swift; sourceTree = "<group>"; };
		858F92C328473BB90076C595 /* MyCardUITests.xctest */ = {isa = PBXFileReference; explicitFileType = wrapper.cfbundle; includeInIndex = 0; path = MyCardUITests.xctest; sourceTree = BUILT_PRODUCTS_DIR; };
		858F92C728473BB90076C595 /* MyCardUITests.swift */ = {isa = PBXFileReference; lastKnownFileType = sourcecode.swift; path = MyCardUITests.swift; sourceTree = "<group>"; };
		858F92C928473BB90076C595 /* MyCardUITestsLaunchTests.swift */ = {isa = PBXFileReference; lastKnownFileType = sourcecode.swift; path = MyCardUITestsLaunchTests.swift; sourceTree = "<group>"; };
/* End PBXFileReference section */

/* Begin PBXFrameworksBuildPhase section */
		858F92A628473BB80076C595 /* Frameworks */ = {
			isa = PBXFrameworksBuildPhase;
			buildActionMask = 2147483647;
			files = (
			);
			runOnlyForDeploymentPostprocessing = 0;
		};
		858F92B628473BB90076C595 /* Frameworks */ = {
			isa = PBXFrameworksBuildPhase;
			buildActionMask = 2147483647;
			files = (
			);
			runOnlyForDeploymentPostprocessing = 0;
		};
		858F92C028473BB90076C595 /* Frameworks */ = {
			isa = PBXFrameworksBuildPhase;
			buildActionMask = 2147483647;
			files = (
			);
			runOnlyForDeploymentPostprocessing = 0;
		};
/* End PBXFrameworksBuildPhase section */

/* Begin PBXGroup section */
		858F92A028473BB80076C595 = {
			isa = PBXGroup;
			children = (
				858F92AB28473BB80076C595 /* MyCard */,
				858F92BC28473BB90076C595 /* MyCardTests */,
				858F92C628473BB90076C595 /* MyCardUITests */,
				858F92AA28473BB80076C595 /* Products */,
			);
			sourceTree = "<group>";
		};
		858F92AA28473BB80076C595 /* Products */ = {
			isa = PBXGroup;
			children = (
				858F92A928473BB80076C595 /* MyCard.app */,
				858F92B928473BB90076C595 /* MyCardTests.xctest */,
				858F92C328473BB90076C595 /* MyCardUITests.xctest */,
			);
			name = Products;
			sourceTree = "<group>";
		};
		858F92AB28473BB80076C595 /* MyCard */ = {
			isa = PBXGroup;
			children = (
				858F92AC28473BB80076C595 /* MyCardApp.swift */,
				858F92AE28473BB80076C595 /* ContentView.swift */,
				858F92B028473BB90076C595 /* Assets.xcassets */,
				858F92B228473BB90076C595 /* Preview Content */,
			);
			path = MyCard;
			sourceTree = "<group>";
		};
		858F92B228473BB90076C595 /* Preview Content */ = {
			isa = PBXGroup;
			children = (
				858F92B328473BB90076C595 /* Preview Assets.xcassets */,
			);
			path = "Preview Content";
			sourceTree = "<group>";
		};
		858F92BC28473BB90076C595 /* MyCardTests */ = {
			isa = PBXGroup;
			children = (
				858F92BD28473BB90076C595 /* MyCardTests.swift */,
			);
			path = MyCardTests;
			sourceTree = "<group>";
		};
		858F92C628473BB90076C595 /* MyCardUITests */ = {
			isa = PBXGroup;
			children = (
				858F92C728473BB90076C595 /* MyCardUITests.swift */,
				858F92C928473BB90076C595 /* MyCardUITestsLaunchTests.swift */,
			);
			path = MyCardUITests;
			sourceTree = "<group>";
		};
/* End PBXGroup section */

/* Begin PBXNativeTarget section */
		858F92A828473BB80076C595 /* MyCard */ = {
			isa = PBXNativeTarget;
			buildConfigurationList = 858F92CD28473BB90076C595 /* Build configuration list for PBXNativeTarget "MyCard" */;
			buildPhases = (
				858F92A528473BB80076C595 /* Sources */,
				858F92A628473BB80076C595 /* Frameworks */,
				858F92A728473BB80076C595 /* Resources */,
			);
			buildRules = (
			);
			dependencies = (
			);
			name = MyCard;
			productName = MyCard;
			productReference = 858F92A928473BB80076C595 /* MyCard.app */;
			productType = "com.apple.product-type.application";
		};
		858F92B828473BB90076C595 /* MyCardTests */ = {
			isa = PBXNativeTarget;
			buildConfigurationList = 858F92D028473BB90076C595 /* Build configuration list for PBXNativeTarget "MyCardTests" */;
			buildPhases = (
				858F92B528473BB90076C595 /* Sources */,
				858F92B628473BB90076C595 /* Frameworks */,
				858F92B728473BB90076C595 /* Resources */,
			);
			buildRules = (
			);
			dependencies = (
				858F92BB28473BB90076C595 /* PBXTargetDependency */,
			);
			name = MyCardTests;
			productName = MyCardTests;
			productReference = 858F92B928473BB90076C595 /* MyCardTests.xctest */;
			productType = "com.apple.product-type.bundle.unit-test";
		};
		858F92C228473BB90076C595 /* MyCardUITests */ = {
			isa = PBXNativeTarget;
			buildConfigurationList = 858F92D328473BB90076C595 /* Build configuration list for PBXNativeTarget "MyCardUITests" */;
			buildPhases = (
				858F92BF28473BB90076C595 /* Sources */,
				858F92C028473BB90076C595 /* Frameworks */,
				858F92C128473BB90076C595 /* Resources */,
			);
			buildRules = (
			);
			dependencies = (
				858F92C528473BB90076C595 /* PBXTargetDependency */,
			);
			name = MyCardUITests;
			productName = MyCardUITests;
			productReference = 858F92C328473BB90076C595 /* MyCardUITests.xctest */;
			productType = "com.apple.product-type.bundle.ui-testing";
		};
/* End PBXNativeTarget section */

/* Begin PBXProject section */
		858F92A128473BB80076C595 /* Project object */ = {
			isa = PBXProject;
			attributes = {
				BuildIndependentTargetsInParallel = 1;
				LastSwiftUpdateCheck = 1320;
				LastUpgradeCheck = 1320;
				TargetAttributes = {
					858F92A828473BB80076C595 = {
						CreatedOnToolsVersion = 13.2.1;
					};
					858F92B828473BB90076C595 = {
						CreatedOnToolsVersion = 13.2.1;
						TestTargetID = 858F92A828473BB80076C595;
					};
					858F92C228473BB90076C595 = {
						CreatedOnToolsVersion = 13.2.1;
						TestTargetID = 858F92A828473BB80076C595;
					};
				};
			};
			buildConfigurationList = 858F92A428473BB80076C595 /* Build configuration list for PBXProject "MyCard" */;
			compatibilityVersion = "Xcode 13.0";
			developmentRegion = en;
			hasScannedForEncodings = 0;
			knownRegions = (
				en,
				Base,
			);
			mainGroup = 858F92A028473BB80076C595;
			productRefGroup = 858F92AA28473BB80076C595 /* Products */;
			projectDirPath = "";
			projectRoot = "";
			targets = (
				858F92A828473BB80076C595 /* MyCard */,
				858F92B828473BB90076C595 /* MyCardTests */,
				858F92C228473BB90076C595 /* MyCardUITests */,
			);
		};
/* End PBXProject section */

/* Begin PBXResourcesBuildPhase section */
		858F92A728473BB80076C595 /* Resources */ = {
			isa = PBXResourcesBuildPhase;
			buildActionMask = 2147483647;
			files = (
				858F92B428473BB90076C595 /* Preview Assets.xcassets in Resources */,
				858F92B128473BB90076C595 /* Assets.xcassets in Resources */,
			);
			runOnlyForDeploymentPostprocessing = 0;
		};
		858F92B728473BB90076C595 /* Resources */ = {
			isa = PBXResourcesBuildPhase;
			buildActionMask = 2147483647;
			files = (
			);
			runOnlyForDeploymentPostprocessing = 0;
		};
		858F92C128473BB90076C595 /* Resources */ = {
			isa = PBXResourcesBuildPhase;
			buildActionMask = 2147483647;
			files = (
			);
			runOnlyForDeploymentPostprocessing = 0;
		};
/* End PBXResourcesBuildPhase section */

/* Begin PBXSourcesBuildPhase section */
		858F92A528473BB80076C595 /* Sources */ = {
			isa = PBXSourcesBuildPhase;
			buildActionMask = 2147483647;
			files = (
				858F92AF28473BB80076C595 /* ContentView.swift in Sources */,
				858F92AD28473BB80076C595 /* MyCardApp.swift in Sources */,
			);
			runOnlyForDeploymentPostprocessing = 0;
		};
		858F92B528473BB90076C595 /* Sources */ = {
			isa = PBXSourcesBuildPhase;
			buildActionMask = 2147483647;
			files = (
				858F92BE28473BB90076C595 /* MyCardTests.swift in Sources */,
			);
			runOnlyForDeploymentPostprocessing = 0;
		};
		858F92BF28473BB90076C595 /* Sources */ = {
			isa = PBXSourcesBuildPhase;
			buildActionMask = 2147483647;
			files = (
				858F92CA28473BB90076C595 /* MyCardUITestsLaunchTests.swift in Sources */,
				858F92C828473BB90076C595 /* MyCardUITests.swift in Sources */,
			);
			runOnlyForDeploymentPostprocessing = 0;
		};
/* End PBXSourcesBuildPhase section */

/* Begin PBXTargetDependency section */
		858F92BB28473BB90076C595 /* PBXTargetDependency */ = {
			isa = PBXTargetDependency;
			target = 858F92A828473BB80076C595 /* MyCard */;
			targetProxy = 858F92BA28473BB90076C595 /* PBXContainerItemProxy */;
		};
		858F92C528473BB90076C595 /* PBXTargetDependency */ = {
			isa = PBXTargetDependency;
			target = 858F92A828473BB80076C595 /* MyCard */;
			targetProxy = 858F92C428473BB90076C595 /* PBXContainerItemProxy */;
		};
/* End PBXTargetDependency section */

/* Begin XCBuildConfiguration section */
		858F92CB28473BB90076C595 /* Debug */ = {
			isa = XCBuildConfiguration;
			buildSettings = {
				ALWAYS_SEARCH_USER_PATHS = NO;
				CLANG_ANALYZER_NONNULL = YES;
				CLANG_ANALYZER_NUMBER_OBJECT_CONVERSION = YES_AGGRESSIVE;
				CLANG_CXX_LANGUAGE_STANDARD = "gnu++17";
				CLANG_CXX_LIBRARY = "libc++";
				CLANG_ENABLE_MODULES = YES;
				CLANG_ENABLE_OBJC_ARC = YES;
				CLANG_ENABLE_OBJC_WEAK = YES;
				CLANG_WARN_BLOCK_CAPTURE_AUTORELEASING = YES;
				CLANG_WARN_BOOL_CONVERSION = YES;
				CLANG_WARN_COMMA = YES;
				CLANG_WARN_CONSTANT_CONVERSION = YES;
				CLANG_WARN_DEPRECATED_OBJC_IMPLEMENTATIONS = YES;
				CLANG_WARN_DIRECT_OBJC_ISA_USAGE = YES_ERROR;
				CLANG_WARN_DOCUMENTATION_COMMENTS = YES;
				CLANG_WARN_EMPTY_BODY = YES;
				CLANG_WARN_ENUM_CONVERSION = YES;
				CLANG_WARN_INFINITE_RECURSION = YES;
				CLANG_WARN_INT_CONVERSION = YES;
				CLANG_WARN_NON_LITERAL_NULL_CONVERSION = YES;
				CLANG_WARN_OBJC_IMPLICIT_RETAIN_SELF = YES;
				CLANG_WARN_OBJC_LITERAL_CONVERSION = YES;
				CLANG_WARN_OBJC_ROOT_CLASS = YES_ERROR;
				CLANG_WARN_QUOTED_INCLUDE_IN_FRAMEWORK_HEADER = YES;
				CLANG_WARN_RANGE_LOOP_ANALYSIS = YES;
				CLANG_WARN_STRICT_PROTOTYPES = YES;
				CLANG_WARN_SUSPICIOUS_MOVE = YES;
				CLANG_WARN_UNGUARDED_AVAILABILITY = YES_AGGRESSIVE;
				CLANG_WARN_UNREACHABLE_CODE = YES;
				CLANG_WARN__DUPLICATE_METHOD_MATCH = YES;
				COPY_PHASE_STRIP = NO;
				DEBUG_INFORMATION_FORMAT = dwarf;
				ENABLE_STRICT_OBJC_MSGSEND = YES;
				ENABLE_TESTABILITY = YES;
				GCC_C_LANGUAGE_STANDARD = gnu11;
				GCC_DYNAMIC_NO_PIC = NO;
				GCC_NO_COMMON_BLOCKS = YES;
				GCC_OPTIMIZATION_LEVEL = 0;
				GCC_PREPROCESSOR_DEFINITIONS = (
					"DEBUG=1",
					"$(inherited)",
				);
				GCC_WARN_64_TO_32_BIT_CONVERSION = YES;
				GCC_WARN_ABOUT_RETURN_TYPE = YES_ERROR;
				GCC_WARN_UNDECLARED_SELECTOR = YES;
				GCC_WARN_UNINITIALIZED_AUTOS = YES_AGGRESSIVE;
				GCC_WARN_UNUSED_FUNCTION = YES;
				GCC_WARN_UNUSED_VARIABLE = YES;
				IPHONEOS_DEPLOYMENT_TARGET = 15.2;
				MTL_ENABLE_DEBUG_INFO = INCLUDE_SOURCE;
				MTL_FAST_MATH = YES;
				ONLY_ACTIVE_ARCH = YES;
				SDKROOT = iphoneos;
				SWIFT_ACTIVE_COMPILATION_CONDITIONS = DEBUG;
				SWIFT_OPTIMIZATION_LEVEL = "-Onone";
			};
			name = Debug;
		};
		858F92CC28473BB90076C595 /* Release */ = {
			isa = XCBuildConfiguration;
			buildSettings = {
				ALWAYS_SEARCH_USER_PATHS = NO;
				CLANG_ANALYZER_NONNULL = YES;
				CLANG_ANALYZER_NUMBER_OBJECT_CONVERSION = YES_AGGRESSIVE;
				CLANG_CXX_LANGUAGE_STANDARD = "gnu++17";
				CLANG_CXX_LIBRARY = "libc++";
				CLANG_ENABLE_MODULES = YES;
				CLANG_ENABLE_OBJC_ARC = YES;
				CLANG_ENABLE_OBJC_WEAK = YES;
				CLANG_WARN_BLOCK_CAPTURE_AUTORELEASING = YES;
				CLANG_WARN_BOOL_CONVERSION = YES;
				CLANG_WARN_COMMA = YES;
				CLANG_WARN_CONSTANT_CONVERSION = YES;
				CLANG_WARN_DEPRECATED_OBJC_IMPLEMENTATIONS = YES;
				CLANG_WARN_DIRECT_OBJC_ISA_USAGE = YES_ERROR;
				CLANG_WARN_DOCUMENTATION_COMMENTS = YES;
				CLANG_WARN_EMPTY_BODY = YES;
				CLANG_WARN_ENUM_CONVERSION = YES;
				CLANG_WARN_INFINITE_RECURSION = YES;
				CLANG_WARN_INT_CONVERSION = YES;
				CLANG_WARN_NON_LITERAL_NULL_CONVERSION = YES;
				CLANG_WARN_OBJC_IMPLICIT_RETAIN_SELF = YES;
				CLANG_WARN_OBJC_LITERAL_CONVERSION = YES;
				CLANG_WARN_OBJC_ROOT_CLASS = YES_ERROR;
				CLANG_WARN_QUOTED_INCLUDE_IN_FRAMEWORK_HEADER = YES;
				CLANG_WARN_RANGE_LOOP_ANALYSIS = YES;
				CLANG_WARN_STRICT_PROTOTYPES = YES;
				CLANG_WARN_SUSPICIOUS_MOVE = YES;
				CLANG_WARN_UNGUARDED_AVAILABILITY = YES_AGGRESSIVE;
				CLANG_WARN_UNREACHABLE_CODE = YES;
				CLANG_WARN__DUPLICATE_METHOD_MATCH = YES;
				COPY_PHASE_STRIP = NO;
				DEBUG_INFORMATION_FORMAT = "dwarf-with-dsym";
				ENABLE_NS_ASSERTIONS = NO;
				ENABLE_STRICT_OBJC_MSGSEND = YES;
				GCC_C_LANGUAGE_STANDARD = gnu11;
				GCC_NO_COMMON_BLOCKS = YES;
				GCC_WARN_64_TO_32_BIT_CONVERSION = YES;
				GCC_WARN_ABOUT_RETURN_TYPE = YES_ERROR;
				GCC_WARN_UNDECLARED_SELECTOR = YES;
				GCC_WARN_UNINITIALIZED_AUTOS = YES_AGGRESSIVE;
				GCC_WARN_UNUSED_FUNCTION = YES;
				GCC_WARN_UNUSED_VARIABLE = YES;
				IPHONEOS_DEPLOYMENT_TARGET = 15.2;
				MTL_ENABLE_DEBUG_INFO = NO;
				MTL_FAST_MATH = YES;
				SDKROOT = iphoneos;
				SWIFT_COMPILATION_MODE = wholemodule;
				SWIFT_OPTIMIZATION_LEVEL = "-O";
				VALIDATE_PRODUCT = YES;
			};
			name = Release;
		};
		858F92CE28473BB90076C595 /* Debug */ = {
			isa = XCBuildConfiguration;
			buildSettings = {
				ASSETCATALOG_COMPILER_APPICON_NAME = AppIcon;
				ASSETCATALOG_COMPILER_GLOBAL_ACCENT_COLOR_NAME = AccentColor;
				CODE_SIGN_STYLE = Automatic;
				CURRENT_PROJECT_VERSION = 1;
				DEVELOPMENT_ASSET_PATHS = "\"MyCard/Preview Content\"";
				DEVELOPMENT_TEAM = 9YCHZYVS3V;
				ENABLE_PREVIEWS = YES;
				GENERATE_INFOPLIST_FILE = YES;
				INFOPLIST_KEY_UIApplicationSceneManifest_Generation = YES;
				INFOPLIST_KEY_UIApplicationSupportsIndirectInputEvents = YES;
				INFOPLIST_KEY_UILaunchScreen_Generation = YES;
				INFOPLIST_KEY_UISupportedInterfaceOrientations_iPad = "UIInterfaceOrientationPortrait UIInterfaceOrientationPortraitUpsideDown UIInterfaceOrientationLandscapeLeft UIInterfaceOrientationLandscapeRight";
				INFOPLIST_KEY_UISupportedInterfaceOrientations_iPhone = "UIInterfaceOrientationPortrait UIInterfaceOrientationLandscapeLeft UIInterfaceOrientationLandscapeRight";
				LD_RUNPATH_SEARCH_PATHS = (
					"$(inherited)",
					"@executable_path/Frameworks",
				);
				MARKETING_VERSION = 1.0;
				PRODUCT_BUNDLE_IDENTIFIER = sartyushin.MyCard;
				PRODUCT_NAME = "$(TARGET_NAME)";
				SWIFT_EMIT_LOC_STRINGS = YES;
				SWIFT_VERSION = 5.0;
				TARGETED_DEVICE_FAMILY = "1,2";
			};
			name = Debug;
		};
		858F92CF28473BB90076C595 /* Release */ = {
			isa = XCBuildConfiguration;
			buildSettings = {
				ASSETCATALOG_COMPILER_APPICON_NAME = AppIcon;
				ASSETCATALOG_COMPILER_GLOBAL_ACCENT_COLOR_NAME = AccentColor;
				CODE_SIGN_STYLE = Automatic;
				CURRENT_PROJECT_VERSION = 1;
				DEVELOPMENT_ASSET_PATHS = "\"MyCard/Preview Content\"";
				DEVELOPMENT_TEAM = 9YCHZYVS3V;
				ENABLE_PREVIEWS = YES;
				GENERATE_INFOPLIST_FILE = YES;
				INFOPLIST_KEY_UIApplicationSceneManifest_Generation = YES;
				INFOPLIST_KEY_UIApplicationSupportsIndirectInputEvents = YES;
				INFOPLIST_KEY_UILaunchScreen_Generation = YES;
				INFOPLIST_KEY_UISupportedInterfaceOrientations_iPad = "UIInterfaceOrientationPortrait UIInterfaceOrientationPortraitUpsideDown UIInterfaceOrientationLandscapeLeft UIInterfaceOrientationLandscapeRight";
				INFOPLIST_KEY_UISupportedInterfaceOrientations_iPhone = "UIInterfaceOrientationPortrait UIInterfaceOrientationLandscapeLeft UIInterfaceOrientationLandscapeRight";
				LD_RUNPATH_SEARCH_PATHS = (
					"$(inherited)",
					"@executable_path/Frameworks",
				);
				MARKETING_VERSION = 1.0;
				PRODUCT_BUNDLE_IDENTIFIER = sartyushin.MyCard;
				PRODUCT_NAME = "$(TARGET_NAME)";
				SWIFT_EMIT_LOC_STRINGS = YES;
				SWIFT_VERSION = 5.0;
				TARGETED_DEVICE_FAMILY = "1,2";
			};
			name = Release;
		};
		858F92D128473BB90076C595 /* Debug */ = {
			isa = XCBuildConfiguration;
			buildSettings = {
				ALWAYS_EMBED_SWIFT_STANDARD_LIBRARIES = YES;
				BUNDLE_LOADER = "$(TEST_HOST)";
				CODE_SIGN_STYLE = Automatic;
				CURRENT_PROJECT_VERSION = 1;
				DEVELOPMENT_TEAM = 9YCHZYVS3V;
				GENERATE_INFOPLIST_FILE = YES;
				IPHONEOS_DEPLOYMENT_TARGET = 15.2;
				MARKETING_VERSION = 1.0;
				PRODUCT_BUNDLE_IDENTIFIER = sartyushin.MyCardTests;
				PRODUCT_NAME = "$(TARGET_NAME)";
				SWIFT_EMIT_LOC_STRINGS = NO;
				SWIFT_VERSION = 5.0;
				TARGETED_DEVICE_FAMILY = "1,2";
				TEST_HOST = "$(BUILT_PRODUCTS_DIR)/MyCard.app/MyCard";
			};
			name = Debug;
		};
		858F92D228473BB90076C595 /* Release */ = {
			isa = XCBuildConfiguration;
			buildSettings = {
				ALWAYS_EMBED_SWIFT_STANDARD_LIBRARIES = YES;
				BUNDLE_LOADER = "$(TEST_HOST)";
				CODE_SIGN_STYLE = Automatic;
				CURRENT_PROJECT_VERSION = 1;
				DEVELOPMENT_TEAM = 9YCHZYVS3V;
				GENERATE_INFOPLIST_FILE = YES;
				IPHONEOS_DEPLOYMENT_TARGET = 15.2;
				MARKETING_VERSION = 1.0;
				PRODUCT_BUNDLE_IDENTIFIER = sartyushin.MyCardTests;
				PRODUCT_NAME = "$(TARGET_NAME)";
				SWIFT_EMIT_LOC_STRINGS = NO;
				SWIFT_VERSION = 5.0;
				TARGETED_DEVICE_FAMILY = "1,2";
				TEST_HOST = "$(BUILT_PRODUCTS_DIR)/MyCard.app/MyCard";
			};
			name = Release;
		};
		858F92D428473BB90076C595 /* Debug */ = {
			isa = XCBuildConfiguration;
			buildSettings = {
				ALWAYS_EMBED_SWIFT_STANDARD_LIBRARIES = YES;
				CODE_SIGN_STYLE = Automatic;
				CURRENT_PROJECT_VERSION = 1;
				DEVELOPMENT_TEAM = 9YCHZYVS3V;
				GENERATE_INFOPLIST_FILE = YES;
				MARKETING_VERSION = 1.0;
				PRODUCT_BUNDLE_IDENTIFIER = sartyushin.MyCardUITests;
				PRODUCT_NAME = "$(TARGET_NAME)";
				SWIFT_EMIT_LOC_STRINGS = NO;
				SWIFT_VERSION = 5.0;
				TARGETED_DEVICE_FAMILY = "1,2";
				TEST_TARGET_NAME = MyCard;
			};
			name = Debug;
		};
		858F92D528473BB90076C595 /* Release */ = {
			isa = XCBuildConfiguration;
			buildSettings = {
				ALWAYS_EMBED_SWIFT_STANDARD_LIBRARIES = YES;
				CODE_SIGN_STYLE = Automatic;
				CURRENT_PROJECT_VERSION = 1;
				DEVELOPMENT_TEAM = 9YCHZYVS3V;
				GENERATE_INFOPLIST_FILE = YES;
				MARKETING_VERSION = 1.0;
				PRODUCT_BUNDLE_IDENTIFIER = sartyushin.MyCardUITests;
				PRODUCT_NAME = "$(TARGET_NAME)";
				SWIFT_EMIT_LOC_STRINGS = NO;
				SWIFT_VERSION = 5.0;
				TARGETED_DEVICE_FAMILY = "1,2";
				TEST_TARGET_NAME = MyCard;
			};
			name = Release;
		};
/* End XCBuildConfiguration section */

/* Begin XCConfigurationList section */
		858F92A428473BB80076C595 /* Build configuration list for PBXProject "MyCard" */ = {
			isa = XCConfigurationList;
			buildConfigurations = (
				858F92CB28473BB90076C595 /* Debug */,
				858F92CC28473BB90076C595 /* Release */,
			);
			defaultConfigurationIsVisible = 0;
			defaultConfigurationName = Release;
		};
		858F92CD28473BB90076C595 /* Build configuration list for PBXNativeTarget "MyCard" */ = {
			isa = XCConfigurationList;
			buildConfigurations = (
				858F92CE28473BB90076C595 /* Debug */,
				858F92CF28473BB90076C595 /* Release */,
			);
			defaultConfigurationIsVisible = 0;
			defaultConfigurationName = Release;
		};
		858F92D028473BB90076C595 /* Build configuration list for PBXNativeTarget "MyCardTests" */ = {
			isa = XCConfigurationList;
			buildConfigurations = (
				858F92D128473BB90076C595 /* Debug */,
				858F92D228473BB90076C595 /* Release */,
			);
			defaultConfigurationIsVisible = 0;
			defaultConfigurationName = Release;
		};
		858F92D328473BB90076C595 /* Build configuration list for PBXNativeTarget "MyCardUITests" */ = {
			isa = XCConfigurationList;
			buildConfigurations = (
				858F92D428473BB90076C595 /* Debug */,
				858F92D528473BB90076C595 /* Release */,
			);
			defaultConfigurationIsVisible = 0;
			defaultConfigurationName = Release;
		};
/* End XCConfigurationList section */
	};
	rootObject = 858F92A128473BB80076C595 /* Project object */;
}
