// !$*UTF8*$!
{
	archiveVersion = 1;
	classes = {
	};
	objectVersion = 55;
	objects = {

/* Begin PBXBuildFile section */
		85031BB52965A2E200AED0A7 /* AppDelegate.swift in Sources */ = {isa = PBXBuildFile; fileRef = 85031BB42965A2E200AED0A7 /* AppDelegate.swift */; };
		85031BB72965A2E200AED0A7 /* SceneDelegate.swift in Sources */ = {isa = PBXBuildFile; fileRef = 85031BB62965A2E200AED0A7 /* SceneDelegate.swift */; };
		85031BB92965A2E200AED0A7 /* MainViewController.swift in Sources */ = {isa = PBXBuildFile; fileRef = 85031BB82965A2E200AED0A7 /* MainViewController.swift */; };
		85031BBF2965A2E200AED0A7 /* Ecommerce_Concept.xcdatamodeld in Sources */ = {isa = PBXBuildFile; fileRef = 85031BBD2965A2E200AED0A7 /* Ecommerce_Concept.xcdatamodeld */; };
		85031BC12965A2E500AED0A7 /* Assets.xcassets in Resources */ = {isa = PBXBuildFile; fileRef = 85031BC02965A2E500AED0A7 /* Assets.xcassets */; };
		85031BC42965A2E500AED0A7 /* LaunchScreen.storyboard in Resources */ = {isa = PBXBuildFile; fileRef = 85031BC22965A2E500AED0A7 /* LaunchScreen.storyboard */; };
		85031BCF2965A2E500AED0A7 /* Ecommerce_ConceptTests.swift in Sources */ = {isa = PBXBuildFile; fileRef = 85031BCE2965A2E500AED0A7 /* Ecommerce_ConceptTests.swift */; };
		85031BD92965A2E500AED0A7 /* Ecommerce_ConceptUITests.swift in Sources */ = {isa = PBXBuildFile; fileRef = 85031BD82965A2E500AED0A7 /* Ecommerce_ConceptUITests.swift */; };
		85031BDB2965A2E500AED0A7 /* Ecommerce_ConceptUITestsLaunchTests.swift in Sources */ = {isa = PBXBuildFile; fileRef = 85031BDA2965A2E500AED0A7 /* Ecommerce_ConceptUITestsLaunchTests.swift */; };
		85031BE92965A8DF00AED0A7 /* Mark Pro.ttf in Resources */ = {isa = PBXBuildFile; fileRef = 85031BE82965A8DF00AED0A7 /* Mark Pro.ttf */; };
		85031BEB2965AA7400AED0A7 /* Mark Pro Bold.ttf in Resources */ = {isa = PBXBuildFile; fileRef = 85031BEA2965AA7400AED0A7 /* Mark Pro Bold.ttf */; };
		85031BEE2965B22B00AED0A7 /* MainView.swift in Sources */ = {isa = PBXBuildFile; fileRef = 85031BED2965B22B00AED0A7 /* MainView.swift */; };
/* End PBXBuildFile section */

/* Begin PBXContainerItemProxy section */
		85031BCB2965A2E500AED0A7 /* PBXContainerItemProxy */ = {
			isa = PBXContainerItemProxy;
			containerPortal = 85031BA92965A2E200AED0A7 /* Project object */;
			proxyType = 1;
			remoteGlobalIDString = 85031BB02965A2E200AED0A7;
			remoteInfo = Ecommerce_Concept;
		};
		85031BD52965A2E500AED0A7 /* PBXContainerItemProxy */ = {
			isa = PBXContainerItemProxy;
			containerPortal = 85031BA92965A2E200AED0A7 /* Project object */;
			proxyType = 1;
			remoteGlobalIDString = 85031BB02965A2E200AED0A7;
			remoteInfo = Ecommerce_Concept;
		};
/* End PBXContainerItemProxy section */

/* Begin PBXFileReference section */
		85031BB12965A2E200AED0A7 /* Ecommerce_Concept.app */ = {isa = PBXFileReference; explicitFileType = wrapper.application; includeInIndex = 0; path = Ecommerce_Concept.app; sourceTree = BUILT_PRODUCTS_DIR; };
		85031BB42965A2E200AED0A7 /* AppDelegate.swift */ = {isa = PBXFileReference; lastKnownFileType = sourcecode.swift; path = AppDelegate.swift; sourceTree = "<group>"; };
		85031BB62965A2E200AED0A7 /* SceneDelegate.swift */ = {isa = PBXFileReference; lastKnownFileType = sourcecode.swift; path = SceneDelegate.swift; sourceTree = "<group>"; };
		85031BB82965A2E200AED0A7 /* MainViewController.swift */ = {isa = PBXFileReference; lastKnownFileType = sourcecode.swift; path = MainViewController.swift; sourceTree = "<group>"; };
		85031BBE2965A2E200AED0A7 /* Ecommerce_Concept.xcdatamodel */ = {isa = PBXFileReference; lastKnownFileType = wrapper.xcdatamodel; path = Ecommerce_Concept.xcdatamodel; sourceTree = "<group>"; };
		85031BC02965A2E500AED0A7 /* Assets.xcassets */ = {isa = PBXFileReference; lastKnownFileType = folder.assetcatalog; path = Assets.xcassets; sourceTree = "<group>"; };
		85031BC32965A2E500AED0A7 /* Base */ = {isa = PBXFileReference; lastKnownFileType = file.storyboard; name = Base; path = Base.lproj/LaunchScreen.storyboard; sourceTree = "<group>"; };
		85031BC52965A2E500AED0A7 /* Info.plist */ = {isa = PBXFileReference; lastKnownFileType = text.plist.xml; path = Info.plist; sourceTree = "<group>"; };
		85031BCA2965A2E500AED0A7 /* Ecommerce_ConceptTests.xctest */ = {isa = PBXFileReference; explicitFileType = wrapper.cfbundle; includeInIndex = 0; path = Ecommerce_ConceptTests.xctest; sourceTree = BUILT_PRODUCTS_DIR; };
		85031BCE2965A2E500AED0A7 /* Ecommerce_ConceptTests.swift */ = {isa = PBXFileReference; lastKnownFileType = sourcecode.swift; path = Ecommerce_ConceptTests.swift; sourceTree = "<group>"; };
		85031BD42965A2E500AED0A7 /* Ecommerce_ConceptUITests.xctest */ = {isa = PBXFileReference; explicitFileType = wrapper.cfbundle; includeInIndex = 0; path = Ecommerce_ConceptUITests.xctest; sourceTree = BUILT_PRODUCTS_DIR; };
		85031BD82965A2E500AED0A7 /* Ecommerce_ConceptUITests.swift */ = {isa = PBXFileReference; lastKnownFileType = sourcecode.swift; path = Ecommerce_ConceptUITests.swift; sourceTree = "<group>"; };
		85031BDA2965A2E500AED0A7 /* Ecommerce_ConceptUITestsLaunchTests.swift */ = {isa = PBXFileReference; lastKnownFileType = sourcecode.swift; path = Ecommerce_ConceptUITestsLaunchTests.swift; sourceTree = "<group>"; };
		85031BE82965A8DF00AED0A7 /* Mark Pro.ttf */ = {isa = PBXFileReference; lastKnownFileType = file; path = "Mark Pro.ttf"; sourceTree = "<group>"; };
		85031BEA2965AA7400AED0A7 /* Mark Pro Bold.ttf */ = {isa = PBXFileReference; lastKnownFileType = file; path = "Mark Pro Bold.ttf"; sourceTree = "<group>"; };
		85031BED2965B22B00AED0A7 /* MainView.swift */ = {isa = PBXFileReference; lastKnownFileType = sourcecode.swift; path = MainView.swift; sourceTree = "<group>"; };
/* End PBXFileReference section */

/* Begin PBXFrameworksBuildPhase section */
		85031BAE2965A2E200AED0A7 /* Frameworks */ = {
			isa = PBXFrameworksBuildPhase;
			buildActionMask = 2147483647;
			files = (
			);
			runOnlyForDeploymentPostprocessing = 0;
		};
		85031BC72965A2E500AED0A7 /* Frameworks */ = {
			isa = PBXFrameworksBuildPhase;
			buildActionMask = 2147483647;
			files = (
			);
			runOnlyForDeploymentPostprocessing = 0;
		};
		85031BD12965A2E500AED0A7 /* Frameworks */ = {
			isa = PBXFrameworksBuildPhase;
			buildActionMask = 2147483647;
			files = (
			);
			runOnlyForDeploymentPostprocessing = 0;
		};
/* End PBXFrameworksBuildPhase section */

/* Begin PBXGroup section */
		85031BA82965A2E200AED0A7 = {
			isa = PBXGroup;
			children = (
				85031BB32965A2E200AED0A7 /* Ecommerce_Concept */,
				85031BCD2965A2E500AED0A7 /* Ecommerce_ConceptTests */,
				85031BD72965A2E500AED0A7 /* Ecommerce_ConceptUITests */,
				85031BB22965A2E200AED0A7 /* Products */,
			);
			sourceTree = "<group>";
		};
		85031BB22965A2E200AED0A7 /* Products */ = {
			isa = PBXGroup;
			children = (
				85031BB12965A2E200AED0A7 /* Ecommerce_Concept.app */,
				85031BCA2965A2E500AED0A7 /* Ecommerce_ConceptTests.xctest */,
				85031BD42965A2E500AED0A7 /* Ecommerce_ConceptUITests.xctest */,
			);
			name = Products;
			sourceTree = "<group>";
		};
		85031BB32965A2E200AED0A7 /* Ecommerce_Concept */ = {
			isa = PBXGroup;
			children = (
				85031BEC2965B20400AED0A7 /* MainScreen */,
				85031BE72965A81B00AED0A7 /* fonts */,
				85031BB42965A2E200AED0A7 /* AppDelegate.swift */,
				85031BB62965A2E200AED0A7 /* SceneDelegate.swift */,
				85031BC02965A2E500AED0A7 /* Assets.xcassets */,
				85031BC22965A2E500AED0A7 /* LaunchScreen.storyboard */,
				85031BC52965A2E500AED0A7 /* Info.plist */,
				85031BBD2965A2E200AED0A7 /* Ecommerce_Concept.xcdatamodeld */,
			);
			path = Ecommerce_Concept;
			sourceTree = "<group>";
		};
		85031BCD2965A2E500AED0A7 /* Ecommerce_ConceptTests */ = {
			isa = PBXGroup;
			children = (
				85031BCE2965A2E500AED0A7 /* Ecommerce_ConceptTests.swift */,
			);
			path = Ecommerce_ConceptTests;
			sourceTree = "<group>";
		};
		85031BD72965A2E500AED0A7 /* Ecommerce_ConceptUITests */ = {
			isa = PBXGroup;
			children = (
				85031BD82965A2E500AED0A7 /* Ecommerce_ConceptUITests.swift */,
				85031BDA2965A2E500AED0A7 /* Ecommerce_ConceptUITestsLaunchTests.swift */,
			);
			path = Ecommerce_ConceptUITests;
			sourceTree = "<group>";
		};
		85031BE72965A81B00AED0A7 /* fonts */ = {
			isa = PBXGroup;
			children = (
				85031BEA2965AA7400AED0A7 /* Mark Pro Bold.ttf */,
				85031BE82965A8DF00AED0A7 /* Mark Pro.ttf */,
			);
			path = fonts;
			sourceTree = "<group>";
		};
		85031BEC2965B20400AED0A7 /* MainScreen */ = {
			isa = PBXGroup;
			children = (
				85031BEF2965B30D00AED0A7 /* SelectCategory */,
				85031BB82965A2E200AED0A7 /* MainViewController.swift */,
				85031BED2965B22B00AED0A7 /* MainView.swift */,
			);
			path = MainScreen;
			sourceTree = "<group>";
		};
		85031BEF2965B30D00AED0A7 /* SelectCategory */ = {
			isa = PBXGroup;
			children = (
			);
			path = SelectCategory;
			sourceTree = "<group>";
		};
/* End PBXGroup section */

/* Begin PBXNativeTarget section */
		85031BB02965A2E200AED0A7 /* Ecommerce_Concept */ = {
			isa = PBXNativeTarget;
			buildConfigurationList = 85031BDE2965A2E500AED0A7 /* Build configuration list for PBXNativeTarget "Ecommerce_Concept" */;
			buildPhases = (
				85031BAD2965A2E200AED0A7 /* Sources */,
				85031BAE2965A2E200AED0A7 /* Frameworks */,
				85031BAF2965A2E200AED0A7 /* Resources */,
			);
			buildRules = (
			);
			dependencies = (
			);
			name = Ecommerce_Concept;
			productName = Ecommerce_Concept;
			productReference = 85031BB12965A2E200AED0A7 /* Ecommerce_Concept.app */;
			productType = "com.apple.product-type.application";
		};
		85031BC92965A2E500AED0A7 /* Ecommerce_ConceptTests */ = {
			isa = PBXNativeTarget;
			buildConfigurationList = 85031BE12965A2E500AED0A7 /* Build configuration list for PBXNativeTarget "Ecommerce_ConceptTests" */;
			buildPhases = (
				85031BC62965A2E500AED0A7 /* Sources */,
				85031BC72965A2E500AED0A7 /* Frameworks */,
				85031BC82965A2E500AED0A7 /* Resources */,
			);
			buildRules = (
			);
			dependencies = (
				85031BCC2965A2E500AED0A7 /* PBXTargetDependency */,
			);
			name = Ecommerce_ConceptTests;
			productName = Ecommerce_ConceptTests;
			productReference = 85031BCA2965A2E500AED0A7 /* Ecommerce_ConceptTests.xctest */;
			productType = "com.apple.product-type.bundle.unit-test";
		};
		85031BD32965A2E500AED0A7 /* Ecommerce_ConceptUITests */ = {
			isa = PBXNativeTarget;
			buildConfigurationList = 85031BE42965A2E500AED0A7 /* Build configuration list for PBXNativeTarget "Ecommerce_ConceptUITests" */;
			buildPhases = (
				85031BD02965A2E500AED0A7 /* Sources */,
				85031BD12965A2E500AED0A7 /* Frameworks */,
				85031BD22965A2E500AED0A7 /* Resources */,
			);
			buildRules = (
			);
			dependencies = (
				85031BD62965A2E500AED0A7 /* PBXTargetDependency */,
			);
			name = Ecommerce_ConceptUITests;
			productName = Ecommerce_ConceptUITests;
			productReference = 85031BD42965A2E500AED0A7 /* Ecommerce_ConceptUITests.xctest */;
			productType = "com.apple.product-type.bundle.ui-testing";
		};
/* End PBXNativeTarget section */

/* Begin PBXProject section */
		85031BA92965A2E200AED0A7 /* Project object */ = {
			isa = PBXProject;
			attributes = {
				BuildIndependentTargetsInParallel = 1;
				LastSwiftUpdateCheck = 1340;
				LastUpgradeCheck = 1340;
				TargetAttributes = {
					85031BB02965A2E200AED0A7 = {
						CreatedOnToolsVersion = 13.4.1;
					};
					85031BC92965A2E500AED0A7 = {
						CreatedOnToolsVersion = 13.4.1;
						TestTargetID = 85031BB02965A2E200AED0A7;
					};
					85031BD32965A2E500AED0A7 = {
						CreatedOnToolsVersion = 13.4.1;
						TestTargetID = 85031BB02965A2E200AED0A7;
					};
				};
			};
			buildConfigurationList = 85031BAC2965A2E200AED0A7 /* Build configuration list for PBXProject "Ecommerce_Concept" */;
			compatibilityVersion = "Xcode 13.0";
			developmentRegion = en;
			hasScannedForEncodings = 0;
			knownRegions = (
				en,
				Base,
			);
			mainGroup = 85031BA82965A2E200AED0A7;
			productRefGroup = 85031BB22965A2E200AED0A7 /* Products */;
			projectDirPath = "";
			projectRoot = "";
			targets = (
				85031BB02965A2E200AED0A7 /* Ecommerce_Concept */,
				85031BC92965A2E500AED0A7 /* Ecommerce_ConceptTests */,
				85031BD32965A2E500AED0A7 /* Ecommerce_ConceptUITests */,
			);
		};
/* End PBXProject section */

/* Begin PBXResourcesBuildPhase section */
		85031BAF2965A2E200AED0A7 /* Resources */ = {
			isa = PBXResourcesBuildPhase;
			buildActionMask = 2147483647;
			files = (
				85031BE92965A8DF00AED0A7 /* Mark Pro.ttf in Resources */,
				85031BC42965A2E500AED0A7 /* LaunchScreen.storyboard in Resources */,
				85031BEB2965AA7400AED0A7 /* Mark Pro Bold.ttf in Resources */,
				85031BC12965A2E500AED0A7 /* Assets.xcassets in Resources */,
			);
			runOnlyForDeploymentPostprocessing = 0;
		};
		85031BC82965A2E500AED0A7 /* Resources */ = {
			isa = PBXResourcesBuildPhase;
			buildActionMask = 2147483647;
			files = (
			);
			runOnlyForDeploymentPostprocessing = 0;
		};
		85031BD22965A2E500AED0A7 /* Resources */ = {
			isa = PBXResourcesBuildPhase;
			buildActionMask = 2147483647;
			files = (
			);
			runOnlyForDeploymentPostprocessing = 0;
		};
/* End PBXResourcesBuildPhase section */

/* Begin PBXSourcesBuildPhase section */
		85031BAD2965A2E200AED0A7 /* Sources */ = {
			isa = PBXSourcesBuildPhase;
			buildActionMask = 2147483647;
			files = (
				85031BB92965A2E200AED0A7 /* MainViewController.swift in Sources */,
				85031BBF2965A2E200AED0A7 /* Ecommerce_Concept.xcdatamodeld in Sources */,
				85031BB52965A2E200AED0A7 /* AppDelegate.swift in Sources */,
				85031BEE2965B22B00AED0A7 /* MainView.swift in Sources */,
				85031BB72965A2E200AED0A7 /* SceneDelegate.swift in Sources */,
			);
			runOnlyForDeploymentPostprocessing = 0;
		};
		85031BC62965A2E500AED0A7 /* Sources */ = {
			isa = PBXSourcesBuildPhase;
			buildActionMask = 2147483647;
			files = (
				85031BCF2965A2E500AED0A7 /* Ecommerce_ConceptTests.swift in Sources */,
			);
			runOnlyForDeploymentPostprocessing = 0;
		};
		85031BD02965A2E500AED0A7 /* Sources */ = {
			isa = PBXSourcesBuildPhase;
			buildActionMask = 2147483647;
			files = (
				85031BDB2965A2E500AED0A7 /* Ecommerce_ConceptUITestsLaunchTests.swift in Sources */,
				85031BD92965A2E500AED0A7 /* Ecommerce_ConceptUITests.swift in Sources */,
			);
			runOnlyForDeploymentPostprocessing = 0;
		};
/* End PBXSourcesBuildPhase section */

/* Begin PBXTargetDependency section */
		85031BCC2965A2E500AED0A7 /* PBXTargetDependency */ = {
			isa = PBXTargetDependency;
			target = 85031BB02965A2E200AED0A7 /* Ecommerce_Concept */;
			targetProxy = 85031BCB2965A2E500AED0A7 /* PBXContainerItemProxy */;
		};
		85031BD62965A2E500AED0A7 /* PBXTargetDependency */ = {
			isa = PBXTargetDependency;
			target = 85031BB02965A2E200AED0A7 /* Ecommerce_Concept */;
			targetProxy = 85031BD52965A2E500AED0A7 /* PBXContainerItemProxy */;
		};
/* End PBXTargetDependency section */

/* Begin PBXVariantGroup section */
		85031BC22965A2E500AED0A7 /* LaunchScreen.storyboard */ = {
			isa = PBXVariantGroup;
			children = (
				85031BC32965A2E500AED0A7 /* Base */,
			);
			name = LaunchScreen.storyboard;
			sourceTree = "<group>";
		};
/* End PBXVariantGroup section */

/* Begin XCBuildConfiguration section */
		85031BDC2965A2E500AED0A7 /* Debug */ = {
			isa = XCBuildConfiguration;
			buildSettings = {
				ALWAYS_SEARCH_USER_PATHS = NO;
				CLANG_ANALYZER_NONNULL = YES;
				CLANG_ANALYZER_NUMBER_OBJECT_CONVERSION = YES_AGGRESSIVE;
				CLANG_CXX_LANGUAGE_STANDARD = "gnu++17";
				CLANG_ENABLE_MODULES = YES;
				CLANG_ENABLE_OBJC_ARC = YES;
				CLANG_ENABLE_OBJC_WEAK = YES;
				CLANG_WARN_BLOCK_CAPTURE_AUTORELEASING = YES;
				CLANG_WARN_BOOL_CONVERSION = YES;
				CLANG_WARN_COMMA = YES;
				CLANG_WARN_CONSTANT_CONVERSION = YES;
				CLANG_WARN_DEPRECATED_OBJC_IMPLEMENTATIONS = YES;
				CLANG_WARN_DIRECT_OBJC_ISA_USAGE = YES_ERROR;
				CLANG_WARN_DOCUMENTATION_COMMENTS = YES;
				CLANG_WARN_EMPTY_BODY = YES;
				CLANG_WARN_ENUM_CONVERSION = YES;
				CLANG_WARN_INFINITE_RECURSION = YES;
				CLANG_WARN_INT_CONVERSION = YES;
				CLANG_WARN_NON_LITERAL_NULL_CONVERSION = YES;
				CLANG_WARN_OBJC_IMPLICIT_RETAIN_SELF = YES;
				CLANG_WARN_OBJC_LITERAL_CONVERSION = YES;
				CLANG_WARN_OBJC_ROOT_CLASS = YES_ERROR;
				CLANG_WARN_QUOTED_INCLUDE_IN_FRAMEWORK_HEADER = YES;
				CLANG_WARN_RANGE_LOOP_ANALYSIS = YES;
				CLANG_WARN_STRICT_PROTOTYPES = YES;
				CLANG_WARN_SUSPICIOUS_MOVE = YES;
				CLANG_WARN_UNGUARDED_AVAILABILITY = YES_AGGRESSIVE;
				CLANG_WARN_UNREACHABLE_CODE = YES;
				CLANG_WARN__DUPLICATE_METHOD_MATCH = YES;
				COPY_PHASE_STRIP = NO;
				DEBUG_INFORMATION_FORMAT = dwarf;
				ENABLE_STRICT_OBJC_MSGSEND = YES;
				ENABLE_TESTABILITY = YES;
				GCC_C_LANGUAGE_STANDARD = gnu11;
				GCC_DYNAMIC_NO_PIC = NO;
				GCC_NO_COMMON_BLOCKS = YES;
				GCC_OPTIMIZATION_LEVEL = 0;
				GCC_PREPROCESSOR_DEFINITIONS = (
					"DEBUG=1",
					"$(inherited)",
				);
				GCC_WARN_64_TO_32_BIT_CONVERSION = YES;
				GCC_WARN_ABOUT_RETURN_TYPE = YES_ERROR;
				GCC_WARN_UNDECLARED_SELECTOR = YES;
				GCC_WARN_UNINITIALIZED_AUTOS = YES_AGGRESSIVE;
				GCC_WARN_UNUSED_FUNCTION = YES;
				GCC_WARN_UNUSED_VARIABLE = YES;
				IPHONEOS_DEPLOYMENT_TARGET = 15.5;
				MTL_ENABLE_DEBUG_INFO = INCLUDE_SOURCE;
				MTL_FAST_MATH = YES;
				ONLY_ACTIVE_ARCH = YES;
				SDKROOT = iphoneos;
				SWIFT_ACTIVE_COMPILATION_CONDITIONS = DEBUG;
				SWIFT_OPTIMIZATION_LEVEL = "-Onone";
			};
			name = Debug;
		};
		85031BDD2965A2E500AED0A7 /* Release */ = {
			isa = XCBuildConfiguration;
			buildSettings = {
				ALWAYS_SEARCH_USER_PATHS = NO;
				CLANG_ANALYZER_NONNULL = YES;
				CLANG_ANALYZER_NUMBER_OBJECT_CONVERSION = YES_AGGRESSIVE;
				CLANG_CXX_LANGUAGE_STANDARD = "gnu++17";
				CLANG_ENABLE_MODULES = YES;
				CLANG_ENABLE_OBJC_ARC = YES;
				CLANG_ENABLE_OBJC_WEAK = YES;
				CLANG_WARN_BLOCK_CAPTURE_AUTORELEASING = YES;
				CLANG_WARN_BOOL_CONVERSION = YES;
				CLANG_WARN_COMMA = YES;
				CLANG_WARN_CONSTANT_CONVERSION = YES;
				CLANG_WARN_DEPRECATED_OBJC_IMPLEMENTATIONS = YES;
				CLANG_WARN_DIRECT_OBJC_ISA_USAGE = YES_ERROR;
				CLANG_WARN_DOCUMENTATION_COMMENTS = YES;
				CLANG_WARN_EMPTY_BODY = YES;
				CLANG_WARN_ENUM_CONVERSION = YES;
				CLANG_WARN_INFINITE_RECURSION = YES;
				CLANG_WARN_INT_CONVERSION = YES;
				CLANG_WARN_NON_LITERAL_NULL_CONVERSION = YES;
				CLANG_WARN_OBJC_IMPLICIT_RETAIN_SELF = YES;
				CLANG_WARN_OBJC_LITERAL_CONVERSION = YES;
				CLANG_WARN_OBJC_ROOT_CLASS = YES_ERROR;
				CLANG_WARN_QUOTED_INCLUDE_IN_FRAMEWORK_HEADER = YES;
				CLANG_WARN_RANGE_LOOP_ANALYSIS = YES;
				CLANG_WARN_STRICT_PROTOTYPES = YES;
				CLANG_WARN_SUSPICIOUS_MOVE = YES;
				CLANG_WARN_UNGUARDED_AVAILABILITY = YES_AGGRESSIVE;
				CLANG_WARN_UNREACHABLE_CODE = YES;
				CLANG_WARN__DUPLICATE_METHOD_MATCH = YES;
				COPY_PHASE_STRIP = NO;
				DEBUG_INFORMATION_FORMAT = "dwarf-with-dsym";
				ENABLE_NS_ASSERTIONS = NO;
				ENABLE_STRICT_OBJC_MSGSEND = YES;
				GCC_C_LANGUAGE_STANDARD = gnu11;
				GCC_NO_COMMON_BLOCKS = YES;
				GCC_WARN_64_TO_32_BIT_CONVERSION = YES;
				GCC_WARN_ABOUT_RETURN_TYPE = YES_ERROR;
				GCC_WARN_UNDECLARED_SELECTOR = YES;
				GCC_WARN_UNINITIALIZED_AUTOS = YES_AGGRESSIVE;
				GCC_WARN_UNUSED_FUNCTION = YES;
				GCC_WARN_UNUSED_VARIABLE = YES;
				IPHONEOS_DEPLOYMENT_TARGET = 15.5;
				MTL_ENABLE_DEBUG_INFO = NO;
				MTL_FAST_MATH = YES;
				SDKROOT = iphoneos;
				SWIFT_COMPILATION_MODE = wholemodule;
				SWIFT_OPTIMIZATION_LEVEL = "-O";
				VALIDATE_PRODUCT = YES;
			};
			name = Release;
		};
		85031BDF2965A2E500AED0A7 /* Debug */ = {
			isa = XCBuildConfiguration;
			buildSettings = {
				ASSETCATALOG_COMPILER_APPICON_NAME = AppIcon;
				ASSETCATALOG_COMPILER_GLOBAL_ACCENT_COLOR_NAME = AccentColor;
				CODE_SIGN_STYLE = Automatic;
				CURRENT_PROJECT_VERSION = 1;
				DEVELOPMENT_TEAM = 9YCHZYVS3V;
				GENERATE_INFOPLIST_FILE = YES;
				INFOPLIST_FILE = Ecommerce_Concept/Info.plist;
				INFOPLIST_KEY_UIApplicationSupportsIndirectInputEvents = YES;
				INFOPLIST_KEY_UILaunchStoryboardName = LaunchScreen;
				INFOPLIST_KEY_UISupportedInterfaceOrientations_iPad = "UIInterfaceOrientationPortrait UIInterfaceOrientationPortraitUpsideDown UIInterfaceOrientationLandscapeLeft UIInterfaceOrientationLandscapeRight";
				INFOPLIST_KEY_UISupportedInterfaceOrientations_iPhone = "UIInterfaceOrientationPortrait UIInterfaceOrientationLandscapeLeft UIInterfaceOrientationLandscapeRight";
				LD_RUNPATH_SEARCH_PATHS = (
					"$(inherited)",
					"@executable_path/Frameworks",
				);
				MARKETING_VERSION = 1.0;
				PRODUCT_BUNDLE_IDENTIFIER = "sartyushin.Ecommerce-Concept";
				PRODUCT_NAME = "$(TARGET_NAME)";
				SWIFT_EMIT_LOC_STRINGS = YES;
				SWIFT_VERSION = 5.0;
				TARGETED_DEVICE_FAMILY = "1,2";
			};
			name = Debug;
		};
		85031BE02965A2E500AED0A7 /* Release */ = {
			isa = XCBuildConfiguration;
			buildSettings = {
				ASSETCATALOG_COMPILER_APPICON_NAME = AppIcon;
				ASSETCATALOG_COMPILER_GLOBAL_ACCENT_COLOR_NAME = AccentColor;
				CODE_SIGN_STYLE = Automatic;
				CURRENT_PROJECT_VERSION = 1;
				DEVELOPMENT_TEAM = 9YCHZYVS3V;
				GENERATE_INFOPLIST_FILE = YES;
				INFOPLIST_FILE = Ecommerce_Concept/Info.plist;
				INFOPLIST_KEY_UIApplicationSupportsIndirectInputEvents = YES;
				INFOPLIST_KEY_UILaunchStoryboardName = LaunchScreen;
				INFOPLIST_KEY_UISupportedInterfaceOrientations_iPad = "UIInterfaceOrientationPortrait UIInterfaceOrientationPortraitUpsideDown UIInterfaceOrientationLandscapeLeft UIInterfaceOrientationLandscapeRight";
				INFOPLIST_KEY_UISupportedInterfaceOrientations_iPhone = "UIInterfaceOrientationPortrait UIInterfaceOrientationLandscapeLeft UIInterfaceOrientationLandscapeRight";
				LD_RUNPATH_SEARCH_PATHS = (
					"$(inherited)",
					"@executable_path/Frameworks",
				);
				MARKETING_VERSION = 1.0;
				PRODUCT_BUNDLE_IDENTIFIER = "sartyushin.Ecommerce-Concept";
				PRODUCT_NAME = "$(TARGET_NAME)";
				SWIFT_EMIT_LOC_STRINGS = YES;
				SWIFT_VERSION = 5.0;
				TARGETED_DEVICE_FAMILY = "1,2";
			};
			name = Release;
		};
		85031BE22965A2E500AED0A7 /* Debug */ = {
			isa = XCBuildConfiguration;
			buildSettings = {
				ALWAYS_EMBED_SWIFT_STANDARD_LIBRARIES = YES;
				BUNDLE_LOADER = "$(TEST_HOST)";
				CODE_SIGN_STYLE = Automatic;
				CURRENT_PROJECT_VERSION = 1;
				DEVELOPMENT_TEAM = 9YCHZYVS3V;
				GENERATE_INFOPLIST_FILE = YES;
				IPHONEOS_DEPLOYMENT_TARGET = 15.5;
				MARKETING_VERSION = 1.0;
				PRODUCT_BUNDLE_IDENTIFIER = "sartyushin.Ecommerce-ConceptTests";
				PRODUCT_NAME = "$(TARGET_NAME)";
				SWIFT_EMIT_LOC_STRINGS = NO;
				SWIFT_VERSION = 5.0;
				TARGETED_DEVICE_FAMILY = "1,2";
				TEST_HOST = "$(BUILT_PRODUCTS_DIR)/Ecommerce_Concept.app/Ecommerce_Concept";
			};
			name = Debug;
		};
		85031BE32965A2E500AED0A7 /* Release */ = {
			isa = XCBuildConfiguration;
			buildSettings = {
				ALWAYS_EMBED_SWIFT_STANDARD_LIBRARIES = YES;
				BUNDLE_LOADER = "$(TEST_HOST)";
				CODE_SIGN_STYLE = Automatic;
				CURRENT_PROJECT_VERSION = 1;
				DEVELOPMENT_TEAM = 9YCHZYVS3V;
				GENERATE_INFOPLIST_FILE = YES;
				IPHONEOS_DEPLOYMENT_TARGET = 15.5;
				MARKETING_VERSION = 1.0;
				PRODUCT_BUNDLE_IDENTIFIER = "sartyushin.Ecommerce-ConceptTests";
				PRODUCT_NAME = "$(TARGET_NAME)";
				SWIFT_EMIT_LOC_STRINGS = NO;
				SWIFT_VERSION = 5.0;
				TARGETED_DEVICE_FAMILY = "1,2";
				TEST_HOST = "$(BUILT_PRODUCTS_DIR)/Ecommerce_Concept.app/Ecommerce_Concept";
			};
			name = Release;
		};
		85031BE52965A2E500AED0A7 /* Debug */ = {
			isa = XCBuildConfiguration;
			buildSettings = {
				ALWAYS_EMBED_SWIFT_STANDARD_LIBRARIES = YES;
				CODE_SIGN_STYLE = Automatic;
				CURRENT_PROJECT_VERSION = 1;
				DEVELOPMENT_TEAM = 9YCHZYVS3V;
				GENERATE_INFOPLIST_FILE = YES;
				MARKETING_VERSION = 1.0;
				PRODUCT_BUNDLE_IDENTIFIER = "sartyushin.Ecommerce-ConceptUITests";
				PRODUCT_NAME = "$(TARGET_NAME)";
				SWIFT_EMIT_LOC_STRINGS = NO;
				SWIFT_VERSION = 5.0;
				TARGETED_DEVICE_FAMILY = "1,2";
				TEST_TARGET_NAME = Ecommerce_Concept;
			};
			name = Debug;
		};
		85031BE62965A2E500AED0A7 /* Release */ = {
			isa = XCBuildConfiguration;
			buildSettings = {
				ALWAYS_EMBED_SWIFT_STANDARD_LIBRARIES = YES;
				CODE_SIGN_STYLE = Automatic;
				CURRENT_PROJECT_VERSION = 1;
				DEVELOPMENT_TEAM = 9YCHZYVS3V;
				GENERATE_INFOPLIST_FILE = YES;
				MARKETING_VERSION = 1.0;
				PRODUCT_BUNDLE_IDENTIFIER = "sartyushin.Ecommerce-ConceptUITests";
				PRODUCT_NAME = "$(TARGET_NAME)";
				SWIFT_EMIT_LOC_STRINGS = NO;
				SWIFT_VERSION = 5.0;
				TARGETED_DEVICE_FAMILY = "1,2";
				TEST_TARGET_NAME = Ecommerce_Concept;
			};
			name = Release;
		};
/* End XCBuildConfiguration section */

/* Begin XCConfigurationList section */
		85031BAC2965A2E200AED0A7 /* Build configuration list for PBXProject "Ecommerce_Concept" */ = {
			isa = XCConfigurationList;
			buildConfigurations = (
				85031BDC2965A2E500AED0A7 /* Debug */,
				85031BDD2965A2E500AED0A7 /* Release */,
			);
			defaultConfigurationIsVisible = 0;
			defaultConfigurationName = Release;
		};
		85031BDE2965A2E500AED0A7 /* Build configuration list for PBXNativeTarget "Ecommerce_Concept" */ = {
			isa = XCConfigurationList;
			buildConfigurations = (
				85031BDF2965A2E500AED0A7 /* Debug */,
				85031BE02965A2E500AED0A7 /* Release */,
			);
			defaultConfigurationIsVisible = 0;
			defaultConfigurationName = Release;
		};
		85031BE12965A2E500AED0A7 /* Build configuration list for PBXNativeTarget "Ecommerce_ConceptTests" */ = {
			isa = XCConfigurationList;
			buildConfigurations = (
				85031BE22965A2E500AED0A7 /* Debug */,
				85031BE32965A2E500AED0A7 /* Release */,
			);
			defaultConfigurationIsVisible = 0;
			defaultConfigurationName = Release;
		};
		85031BE42965A2E500AED0A7 /* Build configuration list for PBXNativeTarget "Ecommerce_ConceptUITests" */ = {
			isa = XCConfigurationList;
			buildConfigurations = (
				85031BE52965A2E500AED0A7 /* Debug */,
				85031BE62965A2E500AED0A7 /* Release */,
			);
			defaultConfigurationIsVisible = 0;
			defaultConfigurationName = Release;
		};
/* End XCConfigurationList section */

/* Begin XCVersionGroup section */
		85031BBD2965A2E200AED0A7 /* Ecommerce_Concept.xcdatamodeld */ = {
			isa = XCVersionGroup;
			children = (
				85031BBE2965A2E200AED0A7 /* Ecommerce_Concept.xcdatamodel */,
			);
			currentVersion = 85031BBE2965A2E200AED0A7 /* Ecommerce_Concept.xcdatamodel */;
			path = Ecommerce_Concept.xcdatamodeld;
			sourceTree = "<group>";
			versionGroupType = wrapper.xcdatamodel;
		};
/* End XCVersionGroup section */
	};
	rootObject = 85031BA92965A2E200AED0A7 /* Project object */;
}
